// !$*UTF8*$!
{
	archiveVersion = 1;
	classes = {
	};
	objectVersion = 46;
	objects = {

/* Begin PBXBuildFile section */
		AFE890AC1DCCB3CF003505EF /* AudioPluginUtil.cpp in Sources */ = {isa = PBXBuildFile; fileRef = AFE890A81DCCB3CF003505EF /* AudioPluginUtil.cpp */; };
		AFE890AF1DCCC1AB003505EF /* audioplugin3DTIWrapper.cpp in Sources */ = {isa = PBXBuildFile; fileRef = AFE890AD1DCCC1AB003505EF /* audioplugin3DTIWrapper.cpp */; };
/* End PBXBuildFile section */

/* Begin PBXFileReference section */
		AFE8837F1DCCA8F6003505EF /* AudioPlugin3DTIWrapper.bundle */ = {isa = PBXFileReference; explicitFileType = wrapper.cfbundle; includeInIndex = 0; path = AudioPlugin3DTIWrapper.bundle; sourceTree = BUILT_PRODUCTS_DIR; };
		AFE883821DCCA8F6003505EF /* Info.plist */ = {isa = PBXFileReference; lastKnownFileType = text.plist.xml; path = Info.plist; sourceTree = "<group>"; };
		AFE889EC1DCCAC7E003505EF /* Config.Release.xcconfig */ = {isa = PBXFileReference; lastKnownFileType = text.xcconfig; path = Config.Release.xcconfig; sourceTree = "<group>"; };
		AFE890A71DCCB3CF003505EF /* AudioPluginInterface.h */ = {isa = PBXFileReference; fileEncoding = 4; lastKnownFileType = sourcecode.c.h; name = AudioPluginInterface.h; path = ../src/AudioPluginInterface.h; sourceTree = "<group>"; };
		AFE890A81DCCB3CF003505EF /* AudioPluginUtil.cpp */ = {isa = PBXFileReference; fileEncoding = 4; lastKnownFileType = sourcecode.cpp.cpp; name = AudioPluginUtil.cpp; path = ../src/AudioPluginUtil.cpp; sourceTree = "<group>"; };
		AFE890A91DCCB3CF003505EF /* AudioPluginUtil.h */ = {isa = PBXFileReference; fileEncoding = 4; lastKnownFileType = sourcecode.c.h; name = AudioPluginUtil.h; path = ../src/AudioPluginUtil.h; sourceTree = "<group>"; };
		AFE890AA1DCCB3CF003505EF /* PluginList.h */ = {isa = PBXFileReference; fileEncoding = 4; lastKnownFileType = sourcecode.c.h; name = PluginList.h; path = ../src/PluginList.h; sourceTree = "<group>"; };
		AFE890AD1DCCC1AB003505EF /* audioplugin3DTIWrapper.cpp */ = {isa = PBXFileReference; fileEncoding = 4; lastKnownFileType = sourcecode.cpp.cpp; path = audioplugin3DTIWrapper.cpp; sourceTree = "<group>"; };
/* End PBXFileReference section */

/* Begin PBXFrameworksBuildPhase section */
		AFE8837C1DCCA8F6003505EF /* Frameworks */ = {
			isa = PBXFrameworksBuildPhase;
			buildActionMask = 2147483647;
			files = (
			);
			runOnlyForDeploymentPostprocessing = 0;
		};
/* End PBXFrameworksBuildPhase section */

/* Begin PBXGroup section */
		AFE883761DCCA8F6003505EF = {
			isa = PBXGroup;
			children = (
				AFE890AD1DCCC1AB003505EF /* audioplugin3DTIWrapper.cpp */,
				AFE890A71DCCB3CF003505EF /* AudioPluginInterface.h */,
				AFE890A81DCCB3CF003505EF /* AudioPluginUtil.cpp */,
				AFE890A91DCCB3CF003505EF /* AudioPluginUtil.h */,
				AFE890AA1DCCB3CF003505EF /* PluginList.h */,
				AFE889EC1DCCAC7E003505EF /* Config.Release.xcconfig */,
				AFE883811DCCA8F6003505EF /* AudioPlugin3DTIWrapper */,
				AFE883801DCCA8F6003505EF /* Products */,
			);
			sourceTree = "<group>";
		};
		AFE883801DCCA8F6003505EF /* Products */ = {
			isa = PBXGroup;
			children = (
				AFE8837F1DCCA8F6003505EF /* AudioPlugin3DTIWrapper.bundle */,
			);
			name = Products;
			sourceTree = "<group>";
		};
		AFE883811DCCA8F6003505EF /* AudioPlugin3DTIWrapper */ = {
			isa = PBXGroup;
			children = (
				AFE883821DCCA8F6003505EF /* Info.plist */,
			);
			path = AudioPlugin3DTIWrapper;
			sourceTree = "<group>";
		};
/* End PBXGroup section */

/* Begin PBXNativeTarget section */
		AFE8837E1DCCA8F6003505EF /* AudioPlugin3DTIWrapper */ = {
			isa = PBXNativeTarget;
			buildConfigurationList = AFE883851DCCA8F6003505EF /* Build configuration list for PBXNativeTarget "AudioPlugin3DTIWrapper" */;
			buildPhases = (
				AFE8837B1DCCA8F6003505EF /* Sources */,
				AFE8837C1DCCA8F6003505EF /* Frameworks */,
				AFE8837D1DCCA8F6003505EF /* Resources */,
			);
			buildRules = (
			);
			dependencies = (
			);
			name = AudioPlugin3DTIWrapper;
			productName = AudioPlugin3DTIWrapper;
			productReference = AFE8837F1DCCA8F6003505EF /* AudioPlugin3DTIWrapper.bundle */;
			productType = "com.apple.product-type.bundle";
		};
/* End PBXNativeTarget section */

/* Begin PBXProject section */
		AFE883771DCCA8F6003505EF /* Project object */ = {
			isa = PBXProject;
			attributes = {
				LastUpgradeCheck = 0730;
				ORGANIZATIONNAME = diana;
				TargetAttributes = {
					AFE8837E1DCCA8F6003505EF = {
						CreatedOnToolsVersion = 7.3.1;
					};
				};
			};
			buildConfigurationList = AFE8837A1DCCA8F6003505EF /* Build configuration list for PBXProject "AudioPlugin3DTIWrapper" */;
			compatibilityVersion = "Xcode 3.2";
			developmentRegion = English;
			hasScannedForEncodings = 0;
			knownRegions = (
				en,
			);
			mainGroup = AFE883761DCCA8F6003505EF;
			productRefGroup = AFE883801DCCA8F6003505EF /* Products */;
			projectDirPath = "";
			projectRoot = "";
			targets = (
				AFE8837E1DCCA8F6003505EF /* AudioPlugin3DTIWrapper */,
			);
		};
/* End PBXProject section */

/* Begin PBXResourcesBuildPhase section */
		AFE8837D1DCCA8F6003505EF /* Resources */ = {
			isa = PBXResourcesBuildPhase;
			buildActionMask = 2147483647;
			files = (
			);
			runOnlyForDeploymentPostprocessing = 0;
		};
/* End PBXResourcesBuildPhase section */

/* Begin PBXSourcesBuildPhase section */
		AFE8837B1DCCA8F6003505EF /* Sources */ = {
			isa = PBXSourcesBuildPhase;
			buildActionMask = 2147483647;
			files = (
				AFE890AF1DCCC1AB003505EF /* audioplugin3DTIWrapper.cpp in Sources */,
				AFE890AC1DCCB3CF003505EF /* AudioPluginUtil.cpp in Sources */,
			);
			runOnlyForDeploymentPostprocessing = 0;
		};
/* End PBXSourcesBuildPhase section */

/* Begin XCBuildConfiguration section */
		AFE883831DCCA8F6003505EF /* Debug */ = {
			isa = XCBuildConfiguration;
			buildSettings = {
				ALWAYS_SEARCH_USER_PATHS = NO;
				CLANG_ANALYZER_NONNULL = YES;
				CLANG_CXX_LANGUAGE_STANDARD = "gnu++0x";
				CLANG_CXX_LIBRARY = "libc++";
				CLANG_ENABLE_MODULES = YES;
				CLANG_ENABLE_OBJC_ARC = YES;
				CLANG_WARN_BOOL_CONVERSION = YES;
				CLANG_WARN_CONSTANT_CONVERSION = YES;
				CLANG_WARN_DIRECT_OBJC_ISA_USAGE = YES_ERROR;
				CLANG_WARN_EMPTY_BODY = YES;
				CLANG_WARN_ENUM_CONVERSION = YES;
				CLANG_WARN_INT_CONVERSION = YES;
				CLANG_WARN_OBJC_ROOT_CLASS = YES_ERROR;
				CLANG_WARN_UNREACHABLE_CODE = YES;
				CLANG_WARN__DUPLICATE_METHOD_MATCH = YES;
				CODE_SIGN_IDENTITY = "-";
				COPY_PHASE_STRIP = NO;
				DEBUG_INFORMATION_FORMAT = dwarf;
				ENABLE_STRICT_OBJC_MSGSEND = YES;
				ENABLE_TESTABILITY = YES;
				GCC_C_LANGUAGE_STANDARD = gnu99;
				GCC_DYNAMIC_NO_PIC = NO;
				GCC_NO_COMMON_BLOCKS = YES;
				GCC_OPTIMIZATION_LEVEL = 0;
				GCC_PREPROCESSOR_DEFINITIONS = (
					"DEBUG=1",
					"$(inherited)",
				);
				GCC_WARN_64_TO_32_BIT_CONVERSION = YES;
				GCC_WARN_ABOUT_RETURN_TYPE = YES_ERROR;
				GCC_WARN_UNDECLARED_SELECTOR = YES;
				GCC_WARN_UNINITIALIZED_AUTOS = YES_AGGRESSIVE;
				GCC_WARN_UNUSED_FUNCTION = YES;
				GCC_WARN_UNUSED_VARIABLE = YES;
				MACOSX_DEPLOYMENT_TARGET = 10.11;
				MTL_ENABLE_DEBUG_INFO = YES;
				ONLY_ACTIVE_ARCH = YES;
				SDKROOT = macosx;
			};
			name = Debug;
		};
		AFE883841DCCA8F6003505EF /* Release */ = {
			isa = XCBuildConfiguration;
			buildSettings = {
				ALWAYS_SEARCH_USER_PATHS = NO;
				CLANG_ANALYZER_NONNULL = YES;
				CLANG_CXX_LANGUAGE_STANDARD = "gnu++0x";
				CLANG_CXX_LIBRARY = "libc++";
				CLANG_ENABLE_MODULES = YES;
				CLANG_ENABLE_OBJC_ARC = YES;
				CLANG_WARN_BOOL_CONVERSION = YES;
				CLANG_WARN_CONSTANT_CONVERSION = YES;
				CLANG_WARN_DIRECT_OBJC_ISA_USAGE = YES_ERROR;
				CLANG_WARN_EMPTY_BODY = YES;
				CLANG_WARN_ENUM_CONVERSION = YES;
				CLANG_WARN_INT_CONVERSION = YES;
				CLANG_WARN_OBJC_ROOT_CLASS = YES_ERROR;
				CLANG_WARN_UNREACHABLE_CODE = YES;
				CLANG_WARN__DUPLICATE_METHOD_MATCH = YES;
				CODE_SIGN_IDENTITY = "-";
				COPY_PHASE_STRIP = NO;
				DEBUG_INFORMATION_FORMAT = "dwarf-with-dsym";
				ENABLE_NS_ASSERTIONS = NO;
				ENABLE_STRICT_OBJC_MSGSEND = YES;
				GCC_C_LANGUAGE_STANDARD = gnu99;
				GCC_NO_COMMON_BLOCKS = YES;
				GCC_WARN_64_TO_32_BIT_CONVERSION = YES;
				GCC_WARN_ABOUT_RETURN_TYPE = YES_ERROR;
				GCC_WARN_UNDECLARED_SELECTOR = YES;
				GCC_WARN_UNINITIALIZED_AUTOS = YES_AGGRESSIVE;
				GCC_WARN_UNUSED_FUNCTION = YES;
				GCC_WARN_UNUSED_VARIABLE = YES;
				MACOSX_DEPLOYMENT_TARGET = 10.11;
				MTL_ENABLE_DEBUG_INFO = NO;
				"OTHER_CPLUSPLUSFLAGS[arch=*]" = "$(OTHER_CFLAGS) ";
				SDKROOT = macosx;
			};
			name = Release;
		};
		AFE883861DCCA8F6003505EF /* Debug */ = {
			isa = XCBuildConfiguration;
			buildSettings = {
				COMBINE_HIDPI_IMAGES = YES;
				INFOPLIST_FILE = AudioPlugin3DTIWrapper/Info.plist;
				INSTALL_PATH = "$(LOCAL_LIBRARY_DIR)/Bundles";
				PRODUCT_BUNDLE_IDENTIFIER = es.uma.diana.AudioPlugin3DTIWrapper;
				PRODUCT_NAME = "$(TARGET_NAME)";
				SKIP_INSTALL = YES;
				"USER_HEADER_SEARCH_PATHS[arch=*]" = "";
				WRAPPER_EXTENSION = bundle;
			};
			name = Debug;
		};
		AFE883871DCCA8F6003505EF /* Release */ = {
			isa = XCBuildConfiguration;
			baseConfigurationReference = AFE889EC1DCCAC7E003505EF /* Config.Release.xcconfig */;
			buildSettings = {
				COMBINE_HIDPI_IMAGES = YES;
				INFOPLIST_FILE = AudioPlugin3DTIWrapper/Info.plist;
				INSTALL_PATH = "$(LOCAL_LIBRARY_DIR)/Bundles";
				PRODUCT_BUNDLE_IDENTIFIER = es.uma.diana.AudioPlugin3DTIWrapper;
				PRODUCT_NAME = "$(TARGET_NAME)";
				SKIP_INSTALL = YES;
				"USER_HEADER_SEARCH_PATHS[arch=*]" = "";
				WRAPPER_EXTENSION = bundle;
			};
			name = Release;
		};
/* End XCBuildConfiguration section */

/* Begin XCConfigurationList section */
		AFE8837A1DCCA8F6003505EF /* Build configuration list for PBXProject "AudioPlugin3DTIWrapper" */ = {
			isa = XCConfigurationList;
			buildConfigurations = (
				AFE883831DCCA8F6003505EF /* Debug */,
				AFE883841DCCA8F6003505EF /* Release */,
			);
			defaultConfigurationIsVisible = 0;
			defaultConfigurationName = Release;
		};
		AFE883851DCCA8F6003505EF /* Build configuration list for PBXNativeTarget "AudioPlugin3DTIWrapper" */ = {
			isa = XCConfigurationList;
			buildConfigurations = (
				AFE883861DCCA8F6003505EF /* Debug */,
				AFE883871DCCA8F6003505EF /* Release */,
			);
			defaultConfigurationIsVisible = 0;
			defaultConfigurationName = Release;
		};
/* End XCConfigurationList section */
	};
	rootObject = AFE883771DCCA8F6003505EF /* Project object */;
}
