// !$*UTF8*$!
{
	archiveVersion = 1;
	classes = {
	};
	objectVersion = 46;
	objects = {

/* Begin PBXBuildFile section */
		AF391F8A1E55F12800EB4AC6 /* Info.plist in Resources */ = {isa = PBXBuildFile; fileRef = AF391F891E55F12800EB4AC6 /* Info.plist */; };
		AF391F8E1E55F14200EB4AC6 /* effect3DTIHA.cpp in Sources */ = {isa = PBXBuildFile; fileRef = AF391F8B1E55F14200EB4AC6 /* effect3DTIHA.cpp */; };
		AF391F8F1E55F14200EB4AC6 /* effect3DTIHL.cpp in Sources */ = {isa = PBXBuildFile; fileRef = AF391F8C1E55F14200EB4AC6 /* effect3DTIHL.cpp */; };
		AF391F901E55F14200EB4AC6 /* effect3DTISpatializer.cpp in Sources */ = {isa = PBXBuildFile; fileRef = AF391F8D1E55F14200EB4AC6 /* effect3DTISpatializer.cpp */; };
		AFD67D0C1E978F80000F4387 /* AudioStateBinaural.cpp in Sources */ = {isa = PBXBuildFile; fileRef = AFD67CB41E978F80000F4387 /* AudioStateBinaural.cpp */; };
		AFD67D0D1E978F80000F4387 /* BRIR.cpp in Sources */ = {isa = PBXBuildFile; fileRef = AFD67CB61E978F80000F4387 /* BRIR.cpp */; };
		AFD67D0E1E978F80000F4387 /* Core.cpp in Sources */ = {isa = PBXBuildFile; fileRef = AFD67CB81E978F80000F4387 /* Core.cpp */; };
		AFD67D0F1E978F80000F4387 /* Environment.cpp in Sources */ = {isa = PBXBuildFile; fileRef = AFD67CBA1E978F80000F4387 /* Environment.cpp */; };
		AFD67D101E978F80000F4387 /* HRTF.cpp in Sources */ = {isa = PBXBuildFile; fileRef = AFD67CBC1E978F80000F4387 /* HRTF.cpp */; };
		AFD67D111E978F80000F4387 /* ILD.cpp in Sources */ = {isa = PBXBuildFile; fileRef = AFD67CBE1E978F80000F4387 /* ILD.cpp */; };
		AFD67D121E978F80000F4387 /* Listener.cpp in Sources */ = {isa = PBXBuildFile; fileRef = AFD67CC01E978F80000F4387 /* Listener.cpp */; };
		AFD67D131E978F80000F4387 /* SingleSourceDSP.cpp in Sources */ = {isa = PBXBuildFile; fileRef = AFD67CC21E978F80000F4387 /* SingleSourceDSP.cpp */; };
		AFD67D141E978F80000F4387 /* UPCAnechoic.cpp in Sources */ = {isa = PBXBuildFile; fileRef = AFD67CC41E978F80000F4387 /* UPCAnechoic.cpp */; };
		AFD67D151E978F80000F4387 /* AIR.cpp in Sources */ = {isa = PBXBuildFile; fileRef = AFD67CC71E978F80000F4387 /* AIR.cpp */; };
		AFD67D161E978F80000F4387 /* BiquadFilter.cpp in Sources */ = {isa = PBXBuildFile; fileRef = AFD67CC91E978F80000F4387 /* BiquadFilter.cpp */; };
		AFD67D171E978F80000F4387 /* Buffer.cpp in Sources */ = {isa = PBXBuildFile; fileRef = AFD67CCB1E978F80000F4387 /* Buffer.cpp */; };
		AFD67D181E978F80000F4387 /* Debugger.cpp in Sources */ = {isa = PBXBuildFile; fileRef = AFD67CCF1E978F80000F4387 /* Debugger.cpp */; };
		AFD67D191E978F80000F4387 /* DistanceAttenuator.cpp in Sources */ = {isa = PBXBuildFile; fileRef = AFD67CD11E978F80000F4387 /* DistanceAttenuator.cpp */; };
		AFD67D1A1E978F80000F4387 /* DynamicCompressorMono.cpp in Sources */ = {isa = PBXBuildFile; fileRef = AFD67CD41E978F80000F4387 /* DynamicCompressorMono.cpp */; };
		AFD67D1B1E978F80000F4387 /* DynamicCompressorStereo.cpp in Sources */ = {isa = PBXBuildFile; fileRef = AFD67CD61E978F80000F4387 /* DynamicCompressorStereo.cpp */; };
		AFD67D1C1E978F80000F4387 /* EnvelopeDetector.cpp in Sources */ = {isa = PBXBuildFile; fileRef = AFD67CD81E978F80000F4387 /* EnvelopeDetector.cpp */; };
		AFD67D1D1E978F80000F4387 /* FarDistanceEffects.cpp in Sources */ = {isa = PBXBuildFile; fileRef = AFD67CDA1E978F80000F4387 /* FarDistanceEffects.cpp */; };
		AFD67D1E1E978F80000F4387 /* Fconvolver.cpp in Sources */ = {isa = PBXBuildFile; fileRef = AFD67CDC1E978F80000F4387 /* Fconvolver.cpp */; };
		AFD67D1F1E978F80000F4387 /* fftsg.cpp in Sources */ = {isa = PBXBuildFile; fileRef = AFD67CDE1E978F80000F4387 /* fftsg.cpp */; };
		AFD67D201E978F80000F4387 /* FiltersChain.cpp in Sources */ = {isa = PBXBuildFile; fileRef = AFD67CE01E978F80000F4387 /* FiltersChain.cpp */; };
		AFD67D211E978F80000F4387 /* Magnitudes.cpp in Sources */ = {isa = PBXBuildFile; fileRef = AFD67CE21E978F80000F4387 /* Magnitudes.cpp */; };
		AFD67D231E978F80000F4387 /* Quaternion.cpp in Sources */ = {isa = PBXBuildFile; fileRef = AFD67CE61E978F80000F4387 /* Quaternion.cpp */; };
		AFD67D251E978F80000F4387 /* Transform.cpp in Sources */ = {isa = PBXBuildFile; fileRef = AFD67CE91E978F80000F4387 /* Transform.cpp */; };
		AFD67D261E978F80000F4387 /* UPCEnvironment.cpp in Sources */ = {isa = PBXBuildFile; fileRef = AFD67CEB1E978F80000F4387 /* UPCEnvironment.cpp */; };
		AFD67D271E978F80000F4387 /* Vector3.cpp in Sources */ = {isa = PBXBuildFile; fileRef = AFD67CED1E978F80000F4387 /* Vector3.cpp */; };
		AFD67D281E978F80000F4387 /* DynamicEqualizer.cpp in Sources */ = {isa = PBXBuildFile; fileRef = AFD67CF11E978F80000F4387 /* DynamicEqualizer.cpp */; };
		AFD67D291E978F80000F4387 /* Fig6Algorithm.cpp in Sources */ = {isa = PBXBuildFile; fileRef = AFD67CF31E978F80000F4387 /* Fig6Algorithm.cpp */; };
		AFD67D2A1E978F80000F4387 /* FiltersBank.cpp in Sources */ = {isa = PBXBuildFile; fileRef = AFD67CF51E978F80000F4387 /* FiltersBank.cpp */; };
		AFD67D2B1E978F80000F4387 /* HearingAidSim.cpp in Sources */ = {isa = PBXBuildFile; fileRef = AFD67CF71E978F80000F4387 /* HearingAidSim.cpp */; };
		AFD67D2C1E978F80000F4387 /* HearingLossSim.cpp in Sources */ = {isa = PBXBuildFile; fileRef = AFD67CF91E978F80000F4387 /* HearingLossSim.cpp */; };
		AFE88E781DCCB226003505EF /* HRTFCereal.cpp in Sources */ = {isa = PBXBuildFile; fileRef = AFE88B001DCCB223003505EF /* HRTFCereal.cpp */; };
		AFE890951DCCB226003505EF /* ILDCereal.cpp in Sources */ = {isa = PBXBuildFile; fileRef = AFE88E1A1DCCB226003505EF /* ILDCereal.cpp */; };
		AFE890AC1DCCB3CF003505EF /* AudioPluginUtil.cpp in Sources */ = {isa = PBXBuildFile; fileRef = AFE890A81DCCB3CF003505EF /* AudioPluginUtil.cpp */; };
/* End PBXBuildFile section */

/* Begin PBXFileReference section */
		AF391F891E55F12800EB4AC6 /* Info.plist */ = {isa = PBXFileReference; fileEncoding = 4; lastKnownFileType = text.plist.xml; path = Info.plist; sourceTree = "<group>"; };
		AF391F8B1E55F14200EB4AC6 /* effect3DTIHA.cpp */ = {isa = PBXFileReference; fileEncoding = 4; lastKnownFileType = sourcecode.cpp.cpp; name = effect3DTIHA.cpp; path = ../src/effect3DTIHA.cpp; sourceTree = "<group>"; };
		AF391F8C1E55F14200EB4AC6 /* effect3DTIHL.cpp */ = {isa = PBXFileReference; fileEncoding = 4; lastKnownFileType = sourcecode.cpp.cpp; name = effect3DTIHL.cpp; path = ../src/effect3DTIHL.cpp; sourceTree = "<group>"; };
		AF391F8D1E55F14200EB4AC6 /* effect3DTISpatializer.cpp */ = {isa = PBXFileReference; fileEncoding = 4; lastKnownFileType = sourcecode.cpp.cpp; name = effect3DTISpatializer.cpp; path = ../src/effect3DTISpatializer.cpp; sourceTree = "<group>"; };
		AF766FED1DE9F8690003ED20 /* Config.Common.xcconfig */ = {isa = PBXFileReference; lastKnownFileType = text.xcconfig; path = Config.Common.xcconfig; sourceTree = "<group>"; };
		AF766FEE1DE9F99C0003ED20 /* Config.Debug.xcconfig */ = {isa = PBXFileReference; lastKnownFileType = text.xcconfig; path = Config.Debug.xcconfig; sourceTree = "<group>"; };
		AFD67CB31E978F80000F4387 /* 3DTI_BinauralSpatializer.h */ = {isa = PBXFileReference; fileEncoding = 4; lastKnownFileType = sourcecode.c.h; path = 3DTI_BinauralSpatializer.h; sourceTree = "<group>"; };
		AFD67CB41E978F80000F4387 /* AudioStateBinaural.cpp */ = {isa = PBXFileReference; fileEncoding = 4; lastKnownFileType = sourcecode.cpp.cpp; path = AudioStateBinaural.cpp; sourceTree = "<group>"; };
		AFD67CB51E978F80000F4387 /* AudioStateBinaural.h */ = {isa = PBXFileReference; fileEncoding = 4; lastKnownFileType = sourcecode.c.h; path = AudioStateBinaural.h; sourceTree = "<group>"; };
		AFD67CB61E978F80000F4387 /* BRIR.cpp */ = {isa = PBXFileReference; fileEncoding = 4; lastKnownFileType = sourcecode.cpp.cpp; path = BRIR.cpp; sourceTree = "<group>"; };
		AFD67CB71E978F80000F4387 /* BRIR.h */ = {isa = PBXFileReference; fileEncoding = 4; lastKnownFileType = sourcecode.c.h; path = BRIR.h; sourceTree = "<group>"; };
		AFD67CB81E978F80000F4387 /* Core.cpp */ = {isa = PBXFileReference; fileEncoding = 4; lastKnownFileType = sourcecode.cpp.cpp; path = Core.cpp; sourceTree = "<group>"; };
		AFD67CB91E978F80000F4387 /* Core.h */ = {isa = PBXFileReference; fileEncoding = 4; lastKnownFileType = sourcecode.c.h; path = Core.h; sourceTree = "<group>"; };
		AFD67CBA1E978F80000F4387 /* Environment.cpp */ = {isa = PBXFileReference; fileEncoding = 4; lastKnownFileType = sourcecode.cpp.cpp; path = Environment.cpp; sourceTree = "<group>"; };
		AFD67CBB1E978F80000F4387 /* Environment.h */ = {isa = PBXFileReference; fileEncoding = 4; lastKnownFileType = sourcecode.c.h; path = Environment.h; sourceTree = "<group>"; };
		AFD67CBC1E978F80000F4387 /* HRTF.cpp */ = {isa = PBXFileReference; fileEncoding = 4; lastKnownFileType = sourcecode.cpp.cpp; path = HRTF.cpp; sourceTree = "<group>"; };
		AFD67CBD1E978F80000F4387 /* HRTF.h */ = {isa = PBXFileReference; fileEncoding = 4; lastKnownFileType = sourcecode.c.h; path = HRTF.h; sourceTree = "<group>"; };
		AFD67CBE1E978F80000F4387 /* ILD.cpp */ = {isa = PBXFileReference; fileEncoding = 4; lastKnownFileType = sourcecode.cpp.cpp; path = ILD.cpp; sourceTree = "<group>"; };
		AFD67CBF1E978F80000F4387 /* ILD.h */ = {isa = PBXFileReference; fileEncoding = 4; lastKnownFileType = sourcecode.c.h; path = ILD.h; sourceTree = "<group>"; };
		AFD67CC01E978F80000F4387 /* Listener.cpp */ = {isa = PBXFileReference; fileEncoding = 4; lastKnownFileType = sourcecode.cpp.cpp; path = Listener.cpp; sourceTree = "<group>"; };
		AFD67CC11E978F80000F4387 /* Listener.h */ = {isa = PBXFileReference; fileEncoding = 4; lastKnownFileType = sourcecode.c.h; path = Listener.h; sourceTree = "<group>"; };
		AFD67CC21E978F80000F4387 /* SingleSourceDSP.cpp */ = {isa = PBXFileReference; fileEncoding = 4; lastKnownFileType = sourcecode.cpp.cpp; path = SingleSourceDSP.cpp; sourceTree = "<group>"; };
		AFD67CC31E978F80000F4387 /* SingleSourceDSP.h */ = {isa = PBXFileReference; fileEncoding = 4; lastKnownFileType = sourcecode.c.h; path = SingleSourceDSP.h; sourceTree = "<group>"; };
		AFD67CC41E978F80000F4387 /* UPCAnechoic.cpp */ = {isa = PBXFileReference; fileEncoding = 4; lastKnownFileType = sourcecode.cpp.cpp; path = UPCAnechoic.cpp; sourceTree = "<group>"; };
		AFD67CC51E978F80000F4387 /* UPCAnechoic.h */ = {isa = PBXFileReference; fileEncoding = 4; lastKnownFileType = sourcecode.c.h; path = UPCAnechoic.h; sourceTree = "<group>"; };
		AFD67CC71E978F80000F4387 /* AIR.cpp */ = {isa = PBXFileReference; fileEncoding = 4; lastKnownFileType = sourcecode.cpp.cpp; path = AIR.cpp; sourceTree = "<group>"; };
		AFD67CC81E978F80000F4387 /* AIR.h */ = {isa = PBXFileReference; fileEncoding = 4; lastKnownFileType = sourcecode.c.h; path = AIR.h; sourceTree = "<group>"; };
		AFD67CC91E978F80000F4387 /* BiquadFilter.cpp */ = {isa = PBXFileReference; fileEncoding = 4; lastKnownFileType = sourcecode.cpp.cpp; path = BiquadFilter.cpp; sourceTree = "<group>"; };
		AFD67CCA1E978F80000F4387 /* BiquadFilter.h */ = {isa = PBXFileReference; fileEncoding = 4; lastKnownFileType = sourcecode.c.h; path = BiquadFilter.h; sourceTree = "<group>"; };
		AFD67CCB1E978F80000F4387 /* Buffer.cpp */ = {isa = PBXFileReference; fileEncoding = 4; lastKnownFileType = sourcecode.cpp.cpp; path = Buffer.cpp; sourceTree = "<group>"; };
		AFD67CCC1E978F80000F4387 /* Buffer.h */ = {isa = PBXFileReference; fileEncoding = 4; lastKnownFileType = sourcecode.c.h; path = Buffer.h; sourceTree = "<group>"; };
		AFD67CCD1E978F80000F4387 /* CommonDefinitions.h */ = {isa = PBXFileReference; fileEncoding = 4; lastKnownFileType = sourcecode.c.h; path = CommonDefinitions.h; sourceTree = "<group>"; };
		AFD67CCE1E978F80000F4387 /* Conventions.h */ = {isa = PBXFileReference; fileEncoding = 4; lastKnownFileType = sourcecode.c.h; path = Conventions.h; sourceTree = "<group>"; };
		AFD67CCF1E978F80000F4387 /* Debugger.cpp */ = {isa = PBXFileReference; fileEncoding = 4; lastKnownFileType = sourcecode.cpp.cpp; path = Debugger.cpp; sourceTree = "<group>"; };
		AFD67CD01E978F80000F4387 /* Debugger.h */ = {isa = PBXFileReference; fileEncoding = 4; lastKnownFileType = sourcecode.c.h; path = Debugger.h; sourceTree = "<group>"; };
		AFD67CD11E978F80000F4387 /* DistanceAttenuator.cpp */ = {isa = PBXFileReference; fileEncoding = 4; lastKnownFileType = sourcecode.cpp.cpp; path = DistanceAttenuator.cpp; sourceTree = "<group>"; };
		AFD67CD21E978F80000F4387 /* DistanceAttenuator.h */ = {isa = PBXFileReference; fileEncoding = 4; lastKnownFileType = sourcecode.c.h; path = DistanceAttenuator.h; sourceTree = "<group>"; };
		AFD67CD31E978F80000F4387 /* DynamicCompressor.h */ = {isa = PBXFileReference; fileEncoding = 4; lastKnownFileType = sourcecode.c.h; path = DynamicCompressor.h; sourceTree = "<group>"; };
		AFD67CD41E978F80000F4387 /* DynamicCompressorMono.cpp */ = {isa = PBXFileReference; fileEncoding = 4; lastKnownFileType = sourcecode.cpp.cpp; path = DynamicCompressorMono.cpp; sourceTree = "<group>"; };
		AFD67CD51E978F80000F4387 /* DynamicCompressorMono.h */ = {isa = PBXFileReference; fileEncoding = 4; lastKnownFileType = sourcecode.c.h; path = DynamicCompressorMono.h; sourceTree = "<group>"; };
		AFD67CD61E978F80000F4387 /* DynamicCompressorStereo.cpp */ = {isa = PBXFileReference; fileEncoding = 4; lastKnownFileType = sourcecode.cpp.cpp; path = DynamicCompressorStereo.cpp; sourceTree = "<group>"; };
		AFD67CD71E978F80000F4387 /* DynamicCompressorStereo.h */ = {isa = PBXFileReference; fileEncoding = 4; lastKnownFileType = sourcecode.c.h; path = DynamicCompressorStereo.h; sourceTree = "<group>"; };
		AFD67CD81E978F80000F4387 /* EnvelopeDetector.cpp */ = {isa = PBXFileReference; fileEncoding = 4; lastKnownFileType = sourcecode.cpp.cpp; path = EnvelopeDetector.cpp; sourceTree = "<group>"; };
		AFD67CD91E978F80000F4387 /* EnvelopeDetector.h */ = {isa = PBXFileReference; fileEncoding = 4; lastKnownFileType = sourcecode.c.h; path = EnvelopeDetector.h; sourceTree = "<group>"; };
		AFD67CDA1E978F80000F4387 /* FarDistanceEffects.cpp */ = {isa = PBXFileReference; fileEncoding = 4; lastKnownFileType = sourcecode.cpp.cpp; path = FarDistanceEffects.cpp; sourceTree = "<group>"; };
		AFD67CDB1E978F80000F4387 /* FarDistanceEffects.h */ = {isa = PBXFileReference; fileEncoding = 4; lastKnownFileType = sourcecode.c.h; path = FarDistanceEffects.h; sourceTree = "<group>"; };
		AFD67CDC1E978F80000F4387 /* Fconvolver.cpp */ = {isa = PBXFileReference; fileEncoding = 4; lastKnownFileType = sourcecode.cpp.cpp; path = Fconvolver.cpp; sourceTree = "<group>"; };
		AFD67CDD1E978F80000F4387 /* Fconvolver.h */ = {isa = PBXFileReference; fileEncoding = 4; lastKnownFileType = sourcecode.c.h; path = Fconvolver.h; sourceTree = "<group>"; };
		AFD67CDE1E978F80000F4387 /* fftsg.cpp */ = {isa = PBXFileReference; fileEncoding = 4; lastKnownFileType = sourcecode.cpp.cpp; path = fftsg.cpp; sourceTree = "<group>"; };
		AFD67CDF1E978F80000F4387 /* fftsg.h */ = {isa = PBXFileReference; fileEncoding = 4; lastKnownFileType = sourcecode.c.h; path = fftsg.h; sourceTree = "<group>"; };
		AFD67CE01E978F80000F4387 /* FiltersChain.cpp */ = {isa = PBXFileReference; fileEncoding = 4; lastKnownFileType = sourcecode.cpp.cpp; path = FiltersChain.cpp; sourceTree = "<group>"; };
		AFD67CE11E978F80000F4387 /* FiltersChain.h */ = {isa = PBXFileReference; fileEncoding = 4; lastKnownFileType = sourcecode.c.h; path = FiltersChain.h; sourceTree = "<group>"; };
		AFD67CE21E978F80000F4387 /* Magnitudes.cpp */ = {isa = PBXFileReference; fileEncoding = 4; lastKnownFileType = sourcecode.cpp.cpp; path = Magnitudes.cpp; sourceTree = "<group>"; };
		AFD67CE31E978F80000F4387 /* Magnitudes.h */ = {isa = PBXFileReference; fileEncoding = 4; lastKnownFileType = sourcecode.c.h; path = Magnitudes.h; sourceTree = "<group>"; };
		AFD67CE61E978F80000F4387 /* Quaternion.cpp */ = {isa = PBXFileReference; fileEncoding = 4; lastKnownFileType = sourcecode.cpp.cpp; path = Quaternion.cpp; sourceTree = "<group>"; };
		AFD67CE71E978F80000F4387 /* Quaternion.h */ = {isa = PBXFileReference; fileEncoding = 4; lastKnownFileType = sourcecode.c.h; path = Quaternion.h; sourceTree = "<group>"; };
		AFD67CE91E978F80000F4387 /* Transform.cpp */ = {isa = PBXFileReference; fileEncoding = 4; lastKnownFileType = sourcecode.cpp.cpp; path = Transform.cpp; sourceTree = "<group>"; };
		AFD67CEA1E978F80000F4387 /* Transform.h */ = {isa = PBXFileReference; fileEncoding = 4; lastKnownFileType = sourcecode.c.h; path = Transform.h; sourceTree = "<group>"; };
		AFD67CEB1E978F80000F4387 /* UPCEnvironment.cpp */ = {isa = PBXFileReference; fileEncoding = 4; lastKnownFileType = sourcecode.cpp.cpp; path = UPCEnvironment.cpp; sourceTree = "<group>"; };
		AFD67CEC1E978F80000F4387 /* UPCEnvironment.h */ = {isa = PBXFileReference; fileEncoding = 4; lastKnownFileType = sourcecode.c.h; path = UPCEnvironment.h; sourceTree = "<group>"; };
		AFD67CED1E978F80000F4387 /* Vector3.cpp */ = {isa = PBXFileReference; fileEncoding = 4; lastKnownFileType = sourcecode.cpp.cpp; path = Vector3.cpp; sourceTree = "<group>"; };
		AFD67CEE1E978F80000F4387 /* Vector3.h */ = {isa = PBXFileReference; fileEncoding = 4; lastKnownFileType = sourcecode.c.h; path = Vector3.h; sourceTree = "<group>"; };
		AFD67CF01E978F80000F4387 /* 3DTI_HAHLSimulator.h */ = {isa = PBXFileReference; fileEncoding = 4; lastKnownFileType = sourcecode.c.h; path = 3DTI_HAHLSimulator.h; sourceTree = "<group>"; };
		AFD67CF11E978F80000F4387 /* DynamicEqualizer.cpp */ = {isa = PBXFileReference; fileEncoding = 4; lastKnownFileType = sourcecode.cpp.cpp; path = DynamicEqualizer.cpp; sourceTree = "<group>"; };
		AFD67CF21E978F80000F4387 /* DynamicEqualizer.h */ = {isa = PBXFileReference; fileEncoding = 4; lastKnownFileType = sourcecode.c.h; path = DynamicEqualizer.h; sourceTree = "<group>"; };
		AFD67CF31E978F80000F4387 /* Fig6Algorithm.cpp */ = {isa = PBXFileReference; fileEncoding = 4; lastKnownFileType = sourcecode.cpp.cpp; path = Fig6Algorithm.cpp; sourceTree = "<group>"; };
		AFD67CF41E978F80000F4387 /* Fig6Algorithm.h */ = {isa = PBXFileReference; fileEncoding = 4; lastKnownFileType = sourcecode.c.h; path = Fig6Algorithm.h; sourceTree = "<group>"; };
		AFD67CF51E978F80000F4387 /* FiltersBank.cpp */ = {isa = PBXFileReference; fileEncoding = 4; lastKnownFileType = sourcecode.cpp.cpp; path = FiltersBank.cpp; sourceTree = "<group>"; };
		AFD67CF61E978F80000F4387 /* FiltersBank.h */ = {isa = PBXFileReference; fileEncoding = 4; lastKnownFileType = sourcecode.c.h; path = FiltersBank.h; sourceTree = "<group>"; };
		AFD67CF71E978F80000F4387 /* HearingAidSim.cpp */ = {isa = PBXFileReference; fileEncoding = 4; lastKnownFileType = sourcecode.cpp.cpp; path = HearingAidSim.cpp; sourceTree = "<group>"; };
		AFD67CF81E978F80000F4387 /* HearingAidSim.h */ = {isa = PBXFileReference; fileEncoding = 4; lastKnownFileType = sourcecode.c.h; path = HearingAidSim.h; sourceTree = "<group>"; };
		AFD67CF91E978F80000F4387 /* HearingLossSim.cpp */ = {isa = PBXFileReference; fileEncoding = 4; lastKnownFileType = sourcecode.cpp.cpp; path = HearingLossSim.cpp; sourceTree = "<group>"; };
		AFD67CFA1E978F80000F4387 /* HearingLossSim.h */ = {isa = PBXFileReference; fileEncoding = 4; lastKnownFileType = sourcecode.c.h; path = HearingLossSim.h; sourceTree = "<group>"; };
		AFE8837F1DCCA8F6003505EF /* AudioPlugin3DTIToolkit.bundle */ = {isa = PBXFileReference; explicitFileType = wrapper.cfbundle; includeInIndex = 0; path = AudioPlugin3DTIToolkit.bundle; sourceTree = BUILT_PRODUCTS_DIR; };
		AFE889EC1DCCAC7E003505EF /* Config.Release.xcconfig */ = {isa = PBXFileReference; lastKnownFileType = text.xcconfig; path = Config.Release.xcconfig; sourceTree = "<group>"; };
		AFE88B001DCCB223003505EF /* HRTFCereal.cpp */ = {isa = PBXFileReference; fileEncoding = 4; lastKnownFileType = sourcecode.cpp.cpp; path = HRTFCereal.cpp; sourceTree = "<group>"; };
		AFE88B011DCCB223003505EF /* HRTFCereal.h */ = {isa = PBXFileReference; fileEncoding = 4; lastKnownFileType = sourcecode.c.h; path = HRTFCereal.h; sourceTree = "<group>"; };
		AFE88E1A1DCCB226003505EF /* ILDCereal.cpp */ = {isa = PBXFileReference; fileEncoding = 4; lastKnownFileType = sourcecode.cpp.cpp; path = ILDCereal.cpp; sourceTree = "<group>"; };
		AFE88E1B1DCCB226003505EF /* ILDCereal.h */ = {isa = PBXFileReference; fileEncoding = 4; lastKnownFileType = sourcecode.c.h; path = ILDCereal.h; sourceTree = "<group>"; };
		AFE890A71DCCB3CF003505EF /* AudioPluginInterface.h */ = {isa = PBXFileReference; fileEncoding = 4; lastKnownFileType = sourcecode.c.h; name = AudioPluginInterface.h; path = ../src/AudioPluginInterface.h; sourceTree = "<group>"; };
		AFE890A81DCCB3CF003505EF /* AudioPluginUtil.cpp */ = {isa = PBXFileReference; fileEncoding = 4; lastKnownFileType = sourcecode.cpp.cpp; name = AudioPluginUtil.cpp; path = ../src/AudioPluginUtil.cpp; sourceTree = "<group>"; };
		AFE890A91DCCB3CF003505EF /* AudioPluginUtil.h */ = {isa = PBXFileReference; fileEncoding = 4; lastKnownFileType = sourcecode.c.h; name = AudioPluginUtil.h; path = ../src/AudioPluginUtil.h; sourceTree = "<group>"; };
		AFE890AA1DCCB3CF003505EF /* PluginList.h */ = {isa = PBXFileReference; fileEncoding = 4; lastKnownFileType = sourcecode.c.h; name = PluginList.h; path = ../src/PluginList.h; sourceTree = "<group>"; };
/* End PBXFileReference section */

/* Begin PBXFrameworksBuildPhase section */
		AFE8837C1DCCA8F6003505EF /* Frameworks */ = {
			isa = PBXFrameworksBuildPhase;
			buildActionMask = 2147483647;
			files = (
			);
			runOnlyForDeploymentPostprocessing = 0;
		};
/* End PBXFrameworksBuildPhase section */

/* Begin PBXGroup section */
		AF391F881E55F12800EB4AC6 /* AudioPlugin3DTIToolkit */ = {
			isa = PBXGroup;
			children = (
				AF391F891E55F12800EB4AC6 /* Info.plist */,
			);
			path = AudioPlugin3DTIToolkit;
			sourceTree = "<group>";
		};
		AF6FAA481E3A16140035B40E /* src */ = {
			isa = PBXGroup;
			children = (
				AF391F8B1E55F14200EB4AC6 /* effect3DTIHA.cpp */,
				AF391F8C1E55F14200EB4AC6 /* effect3DTIHL.cpp */,
				AF391F8D1E55F14200EB4AC6 /* effect3DTISpatializer.cpp */,
				AFE890A71DCCB3CF003505EF /* AudioPluginInterface.h */,
				AFE890A81DCCB3CF003505EF /* AudioPluginUtil.cpp */,
				AFE890A91DCCB3CF003505EF /* AudioPluginUtil.h */,
				AFE890AA1DCCB3CF003505EF /* PluginList.h */,
			);
			name = src;
			sourceTree = "<group>";
		};
		AFD67CB01E978F80000F4387 /* 3DTI_Toolkit_Core */ = {
			isa = PBXGroup;
			children = (
				AFD67CB21E978F80000F4387 /* BinauralSpatializer */,
				AFD67CC61E978F80000F4387 /* Common */,
				AFD67CEF1E978F80000F4387 /* HAHLSimulation */,
			);
			name = 3DTI_Toolkit_Core;
			path = ../../3DTI_Toolkit_Core;
			sourceTree = "<group>";
		};
		AFD67CB21E978F80000F4387 /* BinauralSpatializer */ = {
			isa = PBXGroup;
			children = (
				AFD67CB31E978F80000F4387 /* 3DTI_BinauralSpatializer.h */,
				AFD67CB41E978F80000F4387 /* AudioStateBinaural.cpp */,
				AFD67CB51E978F80000F4387 /* AudioStateBinaural.h */,
				AFD67CB61E978F80000F4387 /* BRIR.cpp */,
				AFD67CB71E978F80000F4387 /* BRIR.h */,
				AFD67CB81E978F80000F4387 /* Core.cpp */,
				AFD67CB91E978F80000F4387 /* Core.h */,
				AFD67CBA1E978F80000F4387 /* Environment.cpp */,
				AFD67CBB1E978F80000F4387 /* Environment.h */,
				AFD67CBC1E978F80000F4387 /* HRTF.cpp */,
				AFD67CBD1E978F80000F4387 /* HRTF.h */,
				AFD67CBE1E978F80000F4387 /* ILD.cpp */,
				AFD67CBF1E978F80000F4387 /* ILD.h */,
				AFD67CC01E978F80000F4387 /* Listener.cpp */,
				AFD67CC11E978F80000F4387 /* Listener.h */,
				AFD67CC21E978F80000F4387 /* SingleSourceDSP.cpp */,
				AFD67CC31E978F80000F4387 /* SingleSourceDSP.h */,
				AFD67CC41E978F80000F4387 /* UPCAnechoic.cpp */,
				AFD67CC51E978F80000F4387 /* UPCAnechoic.h */,
			);
			path = BinauralSpatializer;
			sourceTree = "<group>";
		};
		AFD67CC61E978F80000F4387 /* Common */ = {
			isa = PBXGroup;
			children = (
				AFD67CC71E978F80000F4387 /* AIR.cpp */,
				AFD67CC81E978F80000F4387 /* AIR.h */,
				AFD67CC91E978F80000F4387 /* BiquadFilter.cpp */,
				AFD67CCA1E978F80000F4387 /* BiquadFilter.h */,
				AFD67CCB1E978F80000F4387 /* Buffer.cpp */,
				AFD67CCC1E978F80000F4387 /* Buffer.h */,
				AFD67CCD1E978F80000F4387 /* CommonDefinitions.h */,
				AFD67CCE1E978F80000F4387 /* Conventions.h */,
				AFD67CCF1E978F80000F4387 /* Debugger.cpp */,
				AFD67CD01E978F80000F4387 /* Debugger.h */,
				AFD67CD11E978F80000F4387 /* DistanceAttenuator.cpp */,
				AFD67CD21E978F80000F4387 /* DistanceAttenuator.h */,
				AFD67CD31E978F80000F4387 /* DynamicCompressor.h */,
				AFD67CD41E978F80000F4387 /* DynamicCompressorMono.cpp */,
				AFD67CD51E978F80000F4387 /* DynamicCompressorMono.h */,
				AFD67CD61E978F80000F4387 /* DynamicCompressorStereo.cpp */,
				AFD67CD71E978F80000F4387 /* DynamicCompressorStereo.h */,
				AFD67CD81E978F80000F4387 /* EnvelopeDetector.cpp */,
				AFD67CD91E978F80000F4387 /* EnvelopeDetector.h */,
				AFD67CDA1E978F80000F4387 /* FarDistanceEffects.cpp */,
				AFD67CDB1E978F80000F4387 /* FarDistanceEffects.h */,
				AFD67CDC1E978F80000F4387 /* Fconvolver.cpp */,
				AFD67CDD1E978F80000F4387 /* Fconvolver.h */,
				AFD67CDE1E978F80000F4387 /* fftsg.cpp */,
				AFD67CDF1E978F80000F4387 /* fftsg.h */,
				AFD67CE01E978F80000F4387 /* FiltersChain.cpp */,
				AFD67CE11E978F80000F4387 /* FiltersChain.h */,
				AFD67CE21E978F80000F4387 /* Magnitudes.cpp */,
				AFD67CE31E978F80000F4387 /* Magnitudes.h */,
				AFD67CE61E978F80000F4387 /* Quaternion.cpp */,
				AFD67CE71E978F80000F4387 /* Quaternion.h */,
				AFD67CE91E978F80000F4387 /* Transform.cpp */,
				AFD67CEA1E978F80000F4387 /* Transform.h */,
				AFD67CEB1E978F80000F4387 /* UPCEnvironment.cpp */,
				AFD67CEC1E978F80000F4387 /* UPCEnvironment.h */,
				AFD67CED1E978F80000F4387 /* Vector3.cpp */,
				AFD67CEE1E978F80000F4387 /* Vector3.h */,
			);
			path = Common;
			sourceTree = "<group>";
		};
		AFD67CEF1E978F80000F4387 /* HAHLSimulation */ = {
			isa = PBXGroup;
			children = (
				AFD67CF01E978F80000F4387 /* 3DTI_HAHLSimulator.h */,
				AFD67CF11E978F80000F4387 /* DynamicEqualizer.cpp */,
				AFD67CF21E978F80000F4387 /* DynamicEqualizer.h */,
				AFD67CF31E978F80000F4387 /* Fig6Algorithm.cpp */,
				AFD67CF41E978F80000F4387 /* Fig6Algorithm.h */,
				AFD67CF51E978F80000F4387 /* FiltersBank.cpp */,
				AFD67CF61E978F80000F4387 /* FiltersBank.h */,
				AFD67CF71E978F80000F4387 /* HearingAidSim.cpp */,
				AFD67CF81E978F80000F4387 /* HearingAidSim.h */,
				AFD67CF91E978F80000F4387 /* HearingLossSim.cpp */,
				AFD67CFA1E978F80000F4387 /* HearingLossSim.h */,
			);
			path = HAHLSimulation;
			sourceTree = "<group>";
		};
		AFE883761DCCA8F6003505EF = {
			isa = PBXGroup;
			children = (
				AFD67CB01E978F80000F4387 /* 3DTI_Toolkit_Core */,
				AF391F881E55F12800EB4AC6 /* AudioPlugin3DTIToolkit */,
				AF6FAA481E3A16140035B40E /* src */,
				AFE88A331DCCB223003505EF /* 3DTI_Toolkit_Modules */,
				AF766FED1DE9F8690003ED20 /* Config.Common.xcconfig */,
				AF766FEE1DE9F99C0003ED20 /* Config.Debug.xcconfig */,
				AFE889EC1DCCAC7E003505EF /* Config.Release.xcconfig */,
				AFE883801DCCA8F6003505EF /* Products */,
			);
			sourceTree = "<group>";
		};
		AFE883801DCCA8F6003505EF /* Products */ = {
			isa = PBXGroup;
			children = (
				AFE8837F1DCCA8F6003505EF /* AudioPlugin3DTIToolkit.bundle */,
			);
			name = Products;
			sourceTree = "<group>";
		};
		AFE88A331DCCB223003505EF /* 3DTI_Toolkit_Modules */ = {
			isa = PBXGroup;
			children = (
				AFE88A361DCCB223003505EF /* HRTF */,
				AFE88D5F1DCCB226003505EF /* ILD */,
			);
			name = 3DTI_Toolkit_Modules;
			path = ../../3DTI_Toolkit_Modules;
			sourceTree = "<group>";
		};
		AFE88A361DCCB223003505EF /* HRTF */ = {
			isa = PBXGroup;
			children = (
				AFE88B001DCCB223003505EF /* HRTFCereal.cpp */,
				AFE88B011DCCB223003505EF /* HRTFCereal.h */,
			);
			path = HRTF;
			sourceTree = "<group>";
		};
		AFE88D5F1DCCB226003505EF /* ILD */ = {
			isa = PBXGroup;
			children = (
				AFE88E1A1DCCB226003505EF /* ILDCereal.cpp */,
				AFE88E1B1DCCB226003505EF /* ILDCereal.h */,
			);
			path = ILD;
			sourceTree = "<group>";
		};
/* End PBXGroup section */

/* Begin PBXNativeTarget section */
		AFE8837E1DCCA8F6003505EF /* AudioPlugin3DTIToolkit */ = {
			isa = PBXNativeTarget;
			buildConfigurationList = AFE883851DCCA8F6003505EF /* Build configuration list for PBXNativeTarget "AudioPlugin3DTIToolkit" */;
			buildPhases = (
				AFE8837B1DCCA8F6003505EF /* Sources */,
				AFE8837C1DCCA8F6003505EF /* Frameworks */,
				AFE8837D1DCCA8F6003505EF /* Resources */,
			);
			buildRules = (
			);
			dependencies = (
			);
			name = AudioPlugin3DTIToolkit;
			productName = AudioPlugin3DTIWrapper;
			productReference = AFE8837F1DCCA8F6003505EF /* AudioPlugin3DTIToolkit.bundle */;
			productType = "com.apple.product-type.bundle";
		};
/* End PBXNativeTarget section */

/* Begin PBXProject section */
		AFE883771DCCA8F6003505EF /* Project object */ = {
			isa = PBXProject;
			attributes = {
				LastUpgradeCheck = 0730;
				ORGANIZATIONNAME = diana;
				TargetAttributes = {
					AFE8837E1DCCA8F6003505EF = {
						CreatedOnToolsVersion = 7.3.1;
						DevelopmentTeam = 4QC5SRCTN7;
						ProvisioningStyle = Automatic;
					};
				};
			};
			buildConfigurationList = AFE8837A1DCCA8F6003505EF /* Build configuration list for PBXProject "AudioPlugin3DTIToolkit" */;
			compatibilityVersion = "Xcode 3.2";
			developmentRegion = English;
			hasScannedForEncodings = 0;
			knownRegions = (
				en,
			);
			mainGroup = AFE883761DCCA8F6003505EF;
			productRefGroup = AFE883801DCCA8F6003505EF /* Products */;
			projectDirPath = "";
			projectRoot = "";
			targets = (
				AFE8837E1DCCA8F6003505EF /* AudioPlugin3DTIToolkit */,
			);
		};
/* End PBXProject section */

/* Begin PBXResourcesBuildPhase section */
		AFE8837D1DCCA8F6003505EF /* Resources */ = {
			isa = PBXResourcesBuildPhase;
			buildActionMask = 2147483647;
			files = (
				AF391F8A1E55F12800EB4AC6 /* Info.plist in Resources */,
			);
			runOnlyForDeploymentPostprocessing = 0;
		};
/* End PBXResourcesBuildPhase section */

/* Begin PBXSourcesBuildPhase section */
		AFE8837B1DCCA8F6003505EF /* Sources */ = {
			isa = PBXSourcesBuildPhase;
			buildActionMask = 2147483647;
			files = (
				AFD67D261E978F80000F4387 /* UPCEnvironment.cpp in Sources */,
				AFD67D1F1E978F80000F4387 /* fftsg.cpp in Sources */,
				AFD67D201E978F80000F4387 /* FiltersChain.cpp in Sources */,
				AFD67D0E1E978F80000F4387 /* Core.cpp in Sources */,
				AFD67D0D1E978F80000F4387 /* BRIR.cpp in Sources */,
				AF391F8E1E55F14200EB4AC6 /* effect3DTIHA.cpp in Sources */,
				AFD67D1D1E978F80000F4387 /* FarDistanceEffects.cpp in Sources */,
				AFD67D1C1E978F80000F4387 /* EnvelopeDetector.cpp in Sources */,
				AFD67D101E978F80000F4387 /* HRTF.cpp in Sources */,
				AFD67D151E978F80000F4387 /* AIR.cpp in Sources */,
				AFD67D1A1E978F80000F4387 /* DynamicCompressorMono.cpp in Sources */,
				AFD67D191E978F80000F4387 /* DistanceAttenuator.cpp in Sources */,
				AFD67D2A1E978F80000F4387 /* FiltersBank.cpp in Sources */,
				AFE890951DCCB226003505EF /* ILDCereal.cpp in Sources */,
				AFD67D2B1E978F80000F4387 /* HearingAidSim.cpp in Sources */,
				AFD67D211E978F80000F4387 /* Magnitudes.cpp in Sources */,
				AFD67D251E978F80000F4387 /* Transform.cpp in Sources */,
				AFD67D291E978F80000F4387 /* Fig6Algorithm.cpp in Sources */,
				AFE890AC1DCCB3CF003505EF /* AudioPluginUtil.cpp in Sources */,
				AFD67D171E978F80000F4387 /* Buffer.cpp in Sources */,
				AFD67D281E978F80000F4387 /* DynamicEqualizer.cpp in Sources */,
				AFE88E781DCCB226003505EF /* HRTFCereal.cpp in Sources */,
				AFD67D161E978F80000F4387 /* BiquadFilter.cpp in Sources */,
				AFD67D0C1E978F80000F4387 /* AudioStateBinaural.cpp in Sources */,
				AFD67D141E978F80000F4387 /* UPCAnechoic.cpp in Sources */,
				AFD67D271E978F80000F4387 /* Vector3.cpp in Sources */,
				AFD67D1B1E978F80000F4387 /* DynamicCompressorStereo.cpp in Sources */,
				AFD67D131E978F80000F4387 /* SingleSourceDSP.cpp in Sources */,
				AFD67D0F1E978F80000F4387 /* Environment.cpp in Sources */,
				AFD67D231E978F80000F4387 /* Quaternion.cpp in Sources */,
				AFD67D111E978F80000F4387 /* ILD.cpp in Sources */,
				AF391F8F1E55F14200EB4AC6 /* effect3DTIHL.cpp in Sources */,
				AFD67D2C1E978F80000F4387 /* HearingLossSim.cpp in Sources */,
				AF391F901E55F14200EB4AC6 /* effect3DTISpatializer.cpp in Sources */,
				AFD67D1E1E978F80000F4387 /* Fconvolver.cpp in Sources */,
				AFD67D181E978F80000F4387 /* Debugger.cpp in Sources */,
				AFD67D121E978F80000F4387 /* Listener.cpp in Sources */,
			);
			runOnlyForDeploymentPostprocessing = 0;
		};
/* End PBXSourcesBuildPhase section */

/* Begin XCBuildConfiguration section */
		AFE883831DCCA8F6003505EF /* Debug */ = {
			isa = XCBuildConfiguration;
			buildSettings = {
				ALWAYS_SEARCH_USER_PATHS = NO;
				CLANG_ANALYZER_NONNULL = YES;
				CLANG_CXX_LANGUAGE_STANDARD = "gnu++0x";
				CLANG_CXX_LIBRARY = "libc++";
				CLANG_ENABLE_MODULES = YES;
				CLANG_ENABLE_OBJC_ARC = YES;
				CLANG_WARN_BOOL_CONVERSION = YES;
				CLANG_WARN_CONSTANT_CONVERSION = YES;
				CLANG_WARN_DIRECT_OBJC_ISA_USAGE = YES_ERROR;
				CLANG_WARN_EMPTY_BODY = YES;
				CLANG_WARN_ENUM_CONVERSION = YES;
				CLANG_WARN_INT_CONVERSION = YES;
				CLANG_WARN_OBJC_ROOT_CLASS = YES_ERROR;
				CLANG_WARN_UNREACHABLE_CODE = YES;
				CLANG_WARN__DUPLICATE_METHOD_MATCH = YES;
				CODE_SIGN_IDENTITY = "-";
				COPY_PHASE_STRIP = NO;
				DEBUG_INFORMATION_FORMAT = dwarf;
				ENABLE_STRICT_OBJC_MSGSEND = YES;
				ENABLE_TESTABILITY = YES;
				GCC_C_LANGUAGE_STANDARD = gnu99;
				GCC_DYNAMIC_NO_PIC = NO;
				GCC_NO_COMMON_BLOCKS = YES;
				GCC_OPTIMIZATION_LEVEL = 0;
				GCC_PREPROCESSOR_DEFINITIONS = (
					"DEBUG=1",
					"$(inherited)",
				);
				GCC_WARN_64_TO_32_BIT_CONVERSION = YES;
				GCC_WARN_ABOUT_RETURN_TYPE = YES_ERROR;
				GCC_WARN_UNDECLARED_SELECTOR = YES;
				GCC_WARN_UNINITIALIZED_AUTOS = YES_AGGRESSIVE;
				GCC_WARN_UNUSED_FUNCTION = YES;
				GCC_WARN_UNUSED_VARIABLE = YES;
				MACOSX_DEPLOYMENT_TARGET = 10.11;
				MTL_ENABLE_DEBUG_INFO = YES;
				ONLY_ACTIVE_ARCH = YES;
				SDKROOT = macosx;
			};
			name = Debug;
		};
		AFE883841DCCA8F6003505EF /* Release */ = {
			isa = XCBuildConfiguration;
			buildSettings = {
				ALWAYS_SEARCH_USER_PATHS = NO;
				CLANG_ANALYZER_NONNULL = YES;
				CLANG_CXX_LANGUAGE_STANDARD = "gnu++0x";
				CLANG_CXX_LIBRARY = "libc++";
				CLANG_ENABLE_MODULES = YES;
				CLANG_ENABLE_OBJC_ARC = YES;
				CLANG_WARN_BOOL_CONVERSION = YES;
				CLANG_WARN_CONSTANT_CONVERSION = YES;
				CLANG_WARN_DIRECT_OBJC_ISA_USAGE = YES_ERROR;
				CLANG_WARN_EMPTY_BODY = YES;
				CLANG_WARN_ENUM_CONVERSION = YES;
				CLANG_WARN_INT_CONVERSION = YES;
				CLANG_WARN_OBJC_ROOT_CLASS = YES_ERROR;
				CLANG_WARN_UNREACHABLE_CODE = YES;
				CLANG_WARN__DUPLICATE_METHOD_MATCH = YES;
				CODE_SIGN_IDENTITY = "-";
				COPY_PHASE_STRIP = NO;
				DEBUG_INFORMATION_FORMAT = "dwarf-with-dsym";
				ENABLE_NS_ASSERTIONS = NO;
				ENABLE_STRICT_OBJC_MSGSEND = YES;
				GCC_C_LANGUAGE_STANDARD = gnu99;
				GCC_NO_COMMON_BLOCKS = YES;
				GCC_WARN_64_TO_32_BIT_CONVERSION = YES;
				GCC_WARN_ABOUT_RETURN_TYPE = YES_ERROR;
				GCC_WARN_UNDECLARED_SELECTOR = YES;
				GCC_WARN_UNINITIALIZED_AUTOS = YES_AGGRESSIVE;
				GCC_WARN_UNUSED_FUNCTION = YES;
				GCC_WARN_UNUSED_VARIABLE = YES;
				MACOSX_DEPLOYMENT_TARGET = 10.11;
				MTL_ENABLE_DEBUG_INFO = NO;
				"OTHER_CPLUSPLUSFLAGS[arch=*]" = "$(OTHER_CFLAGS) ";
				SDKROOT = macosx;
			};
			name = Release;
		};
		AFE883861DCCA8F6003505EF /* Debug */ = {
			isa = XCBuildConfiguration;
			baseConfigurationReference = AF766FEE1DE9F99C0003ED20 /* Config.Debug.xcconfig */;
			buildSettings = {
				CODE_SIGN_IDENTITY = "Mac Developer";
				COMBINE_HIDPI_IMAGES = YES;
				DEVELOPMENT_TEAM = 4QC5SRCTN7;
				INFOPLIST_FILE = "$(SRCROOT)/AudioPlugin3DTIToolkit/Info.plist";
				INSTALL_PATH = "$(LOCAL_LIBRARY_DIR)/Bundles";
				PRODUCT_BUNDLE_IDENTIFIER = es.uma.diana.AudioPlugin3DTIWrapper;
				PRODUCT_NAME = "$(TARGET_NAME)";
				SKIP_INSTALL = YES;
				"USER_HEADER_SEARCH_PATHS[arch=*]" = "";
				WRAPPER_EXTENSION = bundle;
			};
			name = Debug;
		};
		AFE883871DCCA8F6003505EF /* Release */ = {
			isa = XCBuildConfiguration;
			baseConfigurationReference = AFE889EC1DCCAC7E003505EF /* Config.Release.xcconfig */;
			buildSettings = {
				CODE_SIGN_IDENTITY = "Mac Developer";
				COMBINE_HIDPI_IMAGES = YES;
				DEVELOPMENT_TEAM = 4QC5SRCTN7;
				INFOPLIST_FILE = "$(SRCROOT)/AudioPlugin3DTIToolkit/Info.plist";
				INSTALL_PATH = "$(LOCAL_LIBRARY_DIR)/Bundles";
				PRODUCT_BUNDLE_IDENTIFIER = es.uma.diana.AudioPlugin3DTIWrapper;
				PRODUCT_NAME = "$(TARGET_NAME)";
				SKIP_INSTALL = YES;
				"USER_HEADER_SEARCH_PATHS[arch=*]" = "";
				WRAPPER_EXTENSION = bundle;
			};
			name = Release;
		};
/* End XCBuildConfiguration section */

/* Begin XCConfigurationList section */
		AFE8837A1DCCA8F6003505EF /* Build configuration list for PBXProject "AudioPlugin3DTIToolkit" */ = {
			isa = XCConfigurationList;
			buildConfigurations = (
				AFE883831DCCA8F6003505EF /* Debug */,
				AFE883841DCCA8F6003505EF /* Release */,
			);
			defaultConfigurationIsVisible = 0;
			defaultConfigurationName = Release;
		};
		AFE883851DCCA8F6003505EF /* Build configuration list for PBXNativeTarget "AudioPlugin3DTIToolkit" */ = {
			isa = XCConfigurationList;
			buildConfigurations = (
				AFE883861DCCA8F6003505EF /* Debug */,
				AFE883871DCCA8F6003505EF /* Release */,
			);
			defaultConfigurationIsVisible = 0;
			defaultConfigurationName = Release;
		};
/* End XCConfigurationList section */
	};
	rootObject = AFE883771DCCA8F6003505EF /* Project object */;
}
