// !$*UTF8*$!
{
	archiveVersion = 1;
	classes = {
	};
	objectVersion = 46;
	objects = {

/* Begin PBXBuildFile section */
		AFE88A1B1DCCB19A003505EF /* Convolver.cpp in Sources */ = {isa = PBXBuildFile; fileRef = AFE889EE1DCCB19A003505EF /* Convolver.cpp */; };
		AFE88A1C1DCCB19A003505EF /* Core.cpp in Sources */ = {isa = PBXBuildFile; fileRef = AFE889F01DCCB19A003505EF /* Core.cpp */; };
		AFE88A1D1DCCB19A003505EF /* Environment.cpp in Sources */ = {isa = PBXBuildFile; fileRef = AFE889F21DCCB19A003505EF /* Environment.cpp */; };
		AFE88A1E1DCCB19A003505EF /* HRTF.cpp in Sources */ = {isa = PBXBuildFile; fileRef = AFE889F41DCCB19A003505EF /* HRTF.cpp */; };
		AFE88A1F1DCCB19A003505EF /* ILD.cpp in Sources */ = {isa = PBXBuildFile; fileRef = AFE889F61DCCB19A003505EF /* ILD.cpp */; };
		AFE88A201DCCB19A003505EF /* Listener.cpp in Sources */ = {isa = PBXBuildFile; fileRef = AFE889F81DCCB19A003505EF /* Listener.cpp */; };
		AFE88A211DCCB19A003505EF /* SingleSourceDSP.cpp in Sources */ = {isa = PBXBuildFile; fileRef = AFE889FA1DCCB19A003505EF /* SingleSourceDSP.cpp */; };
		AFE88A221DCCB19A003505EF /* AIR.cpp in Sources */ = {isa = PBXBuildFile; fileRef = AFE889FD1DCCB19A003505EF /* AIR.cpp */; };
		AFE88A231DCCB19A003505EF /* AudioState.cpp in Sources */ = {isa = PBXBuildFile; fileRef = AFE889FF1DCCB19A003505EF /* AudioState.cpp */; };
		AFE88A241DCCB19A003505EF /* BiquadFilter.cpp in Sources */ = {isa = PBXBuildFile; fileRef = AFE88A011DCCB19A003505EF /* BiquadFilter.cpp */; };
		AFE88A251DCCB19A003505EF /* Buffer.cpp in Sources */ = {isa = PBXBuildFile; fileRef = AFE88A031DCCB19A003505EF /* Buffer.cpp */; };
		AFE88A261DCCB19A003505EF /* Debugger.cpp in Sources */ = {isa = PBXBuildFile; fileRef = AFE88A061DCCB19A003505EF /* Debugger.cpp */; };
		AFE88A271DCCB19A003505EF /* DistanceAttenuator.cpp in Sources */ = {isa = PBXBuildFile; fileRef = AFE88A081DCCB19A003505EF /* DistanceAttenuator.cpp */; };
		AFE88A281DCCB19A003505EF /* Fconvolver.cpp in Sources */ = {isa = PBXBuildFile; fileRef = AFE88A0A1DCCB19A003505EF /* Fconvolver.cpp */; };
		AFE88A291DCCB19A003505EF /* fftsg.cpp in Sources */ = {isa = PBXBuildFile; fileRef = AFE88A0C1DCCB19A003505EF /* fftsg.cpp */; };
		AFE88A2A1DCCB19A003505EF /* FiltersChain.cpp in Sources */ = {isa = PBXBuildFile; fileRef = AFE88A0E1DCCB19A003505EF /* FiltersChain.cpp */; };
		AFE88A2B1DCCB19A003505EF /* Magnitudes.cpp in Sources */ = {isa = PBXBuildFile; fileRef = AFE88A101DCCB19A003505EF /* Magnitudes.cpp */; };
		AFE88A2D1DCCB19B003505EF /* Quaternion.cpp in Sources */ = {isa = PBXBuildFile; fileRef = AFE88A141DCCB19A003505EF /* Quaternion.cpp */; };
		AFE88A2F1DCCB19B003505EF /* Transform.cpp in Sources */ = {isa = PBXBuildFile; fileRef = AFE88A171DCCB19A003505EF /* Transform.cpp */; };
		AFE88A301DCCB19B003505EF /* Vector3.cpp in Sources */ = {isa = PBXBuildFile; fileRef = AFE88A191DCCB19A003505EF /* Vector3.cpp */; };
		AFE88E781DCCB226003505EF /* HRTFCereal.cpp in Sources */ = {isa = PBXBuildFile; fileRef = AFE88B001DCCB223003505EF /* HRTFCereal.cpp */; };
		AFE890951DCCB226003505EF /* ILDCereal.cpp in Sources */ = {isa = PBXBuildFile; fileRef = AFE88E1A1DCCB226003505EF /* ILDCereal.cpp */; };
		AFE890AB1DCCB3CF003505EF /* audioplugin3DTIWrapper.cpp in Sources */ = {isa = PBXBuildFile; fileRef = AFE890A61DCCB3CF003505EF /* audioplugin3DTIWrapper.cpp */; };
		AFE890AC1DCCB3CF003505EF /* AudioPluginUtil.cpp in Sources */ = {isa = PBXBuildFile; fileRef = AFE890A81DCCB3CF003505EF /* AudioPluginUtil.cpp */; };
/* End PBXBuildFile section */

/* Begin PBXFileReference section */
		AF766FED1DE9F8690003ED20 /* Config.Common.xcconfig */ = {isa = PBXFileReference; lastKnownFileType = text.xcconfig; path = Config.Common.xcconfig; sourceTree = "<group>"; };
		AF766FEE1DE9F99C0003ED20 /* Config.Debug.xcconfig */ = {isa = PBXFileReference; lastKnownFileType = text.xcconfig; path = Config.Debug.xcconfig; sourceTree = "<group>"; };
		AFE8837F1DCCA8F6003505EF /* AudioPlugin3DTIWrapper.bundle */ = {isa = PBXFileReference; explicitFileType = wrapper.cfbundle; includeInIndex = 0; path = AudioPlugin3DTIWrapper.bundle; sourceTree = BUILT_PRODUCTS_DIR; };
		AFE883821DCCA8F6003505EF /* Info.plist */ = {isa = PBXFileReference; lastKnownFileType = text.plist.xml; path = Info.plist; sourceTree = "<group>"; };
		AFE889EC1DCCAC7E003505EF /* Config.Release.xcconfig */ = {isa = PBXFileReference; lastKnownFileType = text.xcconfig; path = Config.Release.xcconfig; sourceTree = "<group>"; };
		AFE889EE1DCCB19A003505EF /* Convolver.cpp */ = {isa = PBXFileReference; fileEncoding = 4; lastKnownFileType = sourcecode.cpp.cpp; path = Convolver.cpp; sourceTree = "<group>"; };
		AFE889EF1DCCB19A003505EF /* Convolver.h */ = {isa = PBXFileReference; fileEncoding = 4; lastKnownFileType = sourcecode.c.h; path = Convolver.h; sourceTree = "<group>"; };
		AFE889F01DCCB19A003505EF /* Core.cpp */ = {isa = PBXFileReference; fileEncoding = 4; lastKnownFileType = sourcecode.cpp.cpp; path = Core.cpp; sourceTree = "<group>"; };
		AFE889F11DCCB19A003505EF /* Core.h */ = {isa = PBXFileReference; fileEncoding = 4; lastKnownFileType = sourcecode.c.h; path = Core.h; sourceTree = "<group>"; };
		AFE889F21DCCB19A003505EF /* Environment.cpp */ = {isa = PBXFileReference; fileEncoding = 4; lastKnownFileType = sourcecode.cpp.cpp; path = Environment.cpp; sourceTree = "<group>"; };
		AFE889F31DCCB19A003505EF /* Environment.h */ = {isa = PBXFileReference; fileEncoding = 4; lastKnownFileType = sourcecode.c.h; path = Environment.h; sourceTree = "<group>"; };
		AFE889F41DCCB19A003505EF /* HRTF.cpp */ = {isa = PBXFileReference; fileEncoding = 4; lastKnownFileType = sourcecode.cpp.cpp; path = HRTF.cpp; sourceTree = "<group>"; };
		AFE889F51DCCB19A003505EF /* HRTF.h */ = {isa = PBXFileReference; fileEncoding = 4; lastKnownFileType = sourcecode.c.h; path = HRTF.h; sourceTree = "<group>"; };
		AFE889F61DCCB19A003505EF /* ILD.cpp */ = {isa = PBXFileReference; fileEncoding = 4; lastKnownFileType = sourcecode.cpp.cpp; path = ILD.cpp; sourceTree = "<group>"; };
		AFE889F71DCCB19A003505EF /* ILD.h */ = {isa = PBXFileReference; fileEncoding = 4; lastKnownFileType = sourcecode.c.h; path = ILD.h; sourceTree = "<group>"; };
		AFE889F81DCCB19A003505EF /* Listener.cpp */ = {isa = PBXFileReference; fileEncoding = 4; lastKnownFileType = sourcecode.cpp.cpp; path = Listener.cpp; sourceTree = "<group>"; };
		AFE889F91DCCB19A003505EF /* Listener.h */ = {isa = PBXFileReference; fileEncoding = 4; lastKnownFileType = sourcecode.c.h; path = Listener.h; sourceTree = "<group>"; };
		AFE889FA1DCCB19A003505EF /* SingleSourceDSP.cpp */ = {isa = PBXFileReference; fileEncoding = 4; lastKnownFileType = sourcecode.cpp.cpp; path = SingleSourceDSP.cpp; sourceTree = "<group>"; };
		AFE889FB1DCCB19A003505EF /* SingleSourceDSP.h */ = {isa = PBXFileReference; fileEncoding = 4; lastKnownFileType = sourcecode.c.h; path = SingleSourceDSP.h; sourceTree = "<group>"; };
		AFE889FD1DCCB19A003505EF /* AIR.cpp */ = {isa = PBXFileReference; fileEncoding = 4; lastKnownFileType = sourcecode.cpp.cpp; path = AIR.cpp; sourceTree = "<group>"; };
		AFE889FE1DCCB19A003505EF /* AIR.h */ = {isa = PBXFileReference; fileEncoding = 4; lastKnownFileType = sourcecode.c.h; path = AIR.h; sourceTree = "<group>"; };
		AFE889FF1DCCB19A003505EF /* AudioState.cpp */ = {isa = PBXFileReference; fileEncoding = 4; lastKnownFileType = sourcecode.cpp.cpp; path = AudioState.cpp; sourceTree = "<group>"; };
		AFE88A001DCCB19A003505EF /* AudioState.h */ = {isa = PBXFileReference; fileEncoding = 4; lastKnownFileType = sourcecode.c.h; path = AudioState.h; sourceTree = "<group>"; };
		AFE88A011DCCB19A003505EF /* BiquadFilter.cpp */ = {isa = PBXFileReference; fileEncoding = 4; lastKnownFileType = sourcecode.cpp.cpp; path = BiquadFilter.cpp; sourceTree = "<group>"; };
		AFE88A021DCCB19A003505EF /* BiquadFilter.h */ = {isa = PBXFileReference; fileEncoding = 4; lastKnownFileType = sourcecode.c.h; path = BiquadFilter.h; sourceTree = "<group>"; };
		AFE88A031DCCB19A003505EF /* Buffer.cpp */ = {isa = PBXFileReference; fileEncoding = 4; lastKnownFileType = sourcecode.cpp.cpp; path = Buffer.cpp; sourceTree = "<group>"; };
		AFE88A041DCCB19A003505EF /* Buffer.h */ = {isa = PBXFileReference; fileEncoding = 4; lastKnownFileType = sourcecode.c.h; path = Buffer.h; sourceTree = "<group>"; };
		AFE88A051DCCB19A003505EF /* Conventions.h */ = {isa = PBXFileReference; fileEncoding = 4; lastKnownFileType = sourcecode.c.h; path = Conventions.h; sourceTree = "<group>"; };
		AFE88A061DCCB19A003505EF /* Debugger.cpp */ = {isa = PBXFileReference; fileEncoding = 4; lastKnownFileType = sourcecode.cpp.cpp; path = Debugger.cpp; sourceTree = "<group>"; };
		AFE88A071DCCB19A003505EF /* Debugger.h */ = {isa = PBXFileReference; fileEncoding = 4; lastKnownFileType = sourcecode.c.h; path = Debugger.h; sourceTree = "<group>"; };
		AFE88A081DCCB19A003505EF /* DistanceAttenuator.cpp */ = {isa = PBXFileReference; fileEncoding = 4; lastKnownFileType = sourcecode.cpp.cpp; path = DistanceAttenuator.cpp; sourceTree = "<group>"; };
		AFE88A091DCCB19A003505EF /* DistanceAttenuator.h */ = {isa = PBXFileReference; fileEncoding = 4; lastKnownFileType = sourcecode.c.h; path = DistanceAttenuator.h; sourceTree = "<group>"; };
		AFE88A0A1DCCB19A003505EF /* Fconvolver.cpp */ = {isa = PBXFileReference; fileEncoding = 4; lastKnownFileType = sourcecode.cpp.cpp; path = Fconvolver.cpp; sourceTree = "<group>"; };
		AFE88A0B1DCCB19A003505EF /* Fconvolver.h */ = {isa = PBXFileReference; fileEncoding = 4; lastKnownFileType = sourcecode.c.h; path = Fconvolver.h; sourceTree = "<group>"; };
		AFE88A0C1DCCB19A003505EF /* fftsg.cpp */ = {isa = PBXFileReference; fileEncoding = 4; lastKnownFileType = sourcecode.cpp.cpp; path = fftsg.cpp; sourceTree = "<group>"; };
		AFE88A0D1DCCB19A003505EF /* fftsg.h */ = {isa = PBXFileReference; fileEncoding = 4; lastKnownFileType = sourcecode.c.h; path = fftsg.h; sourceTree = "<group>"; };
		AFE88A0E1DCCB19A003505EF /* FiltersChain.cpp */ = {isa = PBXFileReference; fileEncoding = 4; lastKnownFileType = sourcecode.cpp.cpp; path = FiltersChain.cpp; sourceTree = "<group>"; };
		AFE88A0F1DCCB19A003505EF /* FiltersChain.h */ = {isa = PBXFileReference; fileEncoding = 4; lastKnownFileType = sourcecode.c.h; path = FiltersChain.h; sourceTree = "<group>"; };
		AFE88A101DCCB19A003505EF /* Magnitudes.cpp */ = {isa = PBXFileReference; fileEncoding = 4; lastKnownFileType = sourcecode.cpp.cpp; path = Magnitudes.cpp; sourceTree = "<group>"; };
		AFE88A111DCCB19A003505EF /* Magnitudes.h */ = {isa = PBXFileReference; fileEncoding = 4; lastKnownFileType = sourcecode.c.h; path = Magnitudes.h; sourceTree = "<group>"; };
		AFE88A141DCCB19A003505EF /* Quaternion.cpp */ = {isa = PBXFileReference; fileEncoding = 4; lastKnownFileType = sourcecode.cpp.cpp; path = Quaternion.cpp; sourceTree = "<group>"; };
		AFE88A151DCCB19A003505EF /* Quaternion.h */ = {isa = PBXFileReference; fileEncoding = 4; lastKnownFileType = sourcecode.c.h; path = Quaternion.h; sourceTree = "<group>"; };
		AFE88A171DCCB19A003505EF /* Transform.cpp */ = {isa = PBXFileReference; fileEncoding = 4; lastKnownFileType = sourcecode.cpp.cpp; path = Transform.cpp; sourceTree = "<group>"; };
		AFE88A181DCCB19A003505EF /* Transform.h */ = {isa = PBXFileReference; fileEncoding = 4; lastKnownFileType = sourcecode.c.h; path = Transform.h; sourceTree = "<group>"; };
		AFE88A191DCCB19A003505EF /* Vector3.cpp */ = {isa = PBXFileReference; fileEncoding = 4; lastKnownFileType = sourcecode.cpp.cpp; path = Vector3.cpp; sourceTree = "<group>"; };
		AFE88A1A1DCCB19A003505EF /* Vector3.h */ = {isa = PBXFileReference; fileEncoding = 4; lastKnownFileType = sourcecode.c.h; path = Vector3.h; sourceTree = "<group>"; };
		AFE88B001DCCB223003505EF /* HRTFCereal.cpp */ = {isa = PBXFileReference; fileEncoding = 4; lastKnownFileType = sourcecode.cpp.cpp; path = HRTFCereal.cpp; sourceTree = "<group>"; };
		AFE88B011DCCB223003505EF /* HRTFCereal.h */ = {isa = PBXFileReference; fileEncoding = 4; lastKnownFileType = sourcecode.c.h; path = HRTFCereal.h; sourceTree = "<group>"; };
		AFE88E1A1DCCB226003505EF /* ILDCereal.cpp */ = {isa = PBXFileReference; fileEncoding = 4; lastKnownFileType = sourcecode.cpp.cpp; path = ILDCereal.cpp; sourceTree = "<group>"; };
		AFE88E1B1DCCB226003505EF /* ILDCereal.h */ = {isa = PBXFileReference; fileEncoding = 4; lastKnownFileType = sourcecode.c.h; path = ILDCereal.h; sourceTree = "<group>"; };
		AFE890A61DCCB3CF003505EF /* audioplugin3DTIWrapper.cpp */ = {isa = PBXFileReference; fileEncoding = 4; lastKnownFileType = sourcecode.cpp.cpp; name = audioplugin3DTIWrapper.cpp; path = ../src/audioplugin3DTIWrapper.cpp; sourceTree = "<group>"; };
		AFE890A71DCCB3CF003505EF /* AudioPluginInterface.h */ = {isa = PBXFileReference; fileEncoding = 4; lastKnownFileType = sourcecode.c.h; name = AudioPluginInterface.h; path = ../src/AudioPluginInterface.h; sourceTree = "<group>"; };
		AFE890A81DCCB3CF003505EF /* AudioPluginUtil.cpp */ = {isa = PBXFileReference; fileEncoding = 4; lastKnownFileType = sourcecode.cpp.cpp; name = AudioPluginUtil.cpp; path = ../src/AudioPluginUtil.cpp; sourceTree = "<group>"; };
		AFE890A91DCCB3CF003505EF /* AudioPluginUtil.h */ = {isa = PBXFileReference; fileEncoding = 4; lastKnownFileType = sourcecode.c.h; name = AudioPluginUtil.h; path = ../src/AudioPluginUtil.h; sourceTree = "<group>"; };
		AFE890AA1DCCB3CF003505EF /* PluginList.h */ = {isa = PBXFileReference; fileEncoding = 4; lastKnownFileType = sourcecode.c.h; name = PluginList.h; path = ../src/PluginList.h; sourceTree = "<group>"; };
/* End PBXFileReference section */

/* Begin PBXFrameworksBuildPhase section */
		AFE8837C1DCCA8F6003505EF /* Frameworks */ = {
			isa = PBXFrameworksBuildPhase;
			buildActionMask = 2147483647;
			files = (
			);
			runOnlyForDeploymentPostprocessing = 0;
		};
/* End PBXFrameworksBuildPhase section */

/* Begin PBXGroup section */
		AFE883761DCCA8F6003505EF = {
			isa = PBXGroup;
			children = (
				AF766FED1DE9F8690003ED20 /* Config.Common.xcconfig */,
				AF766FEE1DE9F99C0003ED20 /* Config.Debug.xcconfig */,
				AFE889EC1DCCAC7E003505EF /* Config.Release.xcconfig */,
				AFE890A61DCCB3CF003505EF /* audioplugin3DTIWrapper.cpp */,
				AFE890A71DCCB3CF003505EF /* AudioPluginInterface.h */,
				AFE890A81DCCB3CF003505EF /* AudioPluginUtil.cpp */,
				AFE890A91DCCB3CF003505EF /* AudioPluginUtil.h */,
				AFE890AA1DCCB3CF003505EF /* PluginList.h */,
				AFE88A331DCCB223003505EF /* 3DTI_Toolkit_Modules */,
				AFE88A311DCCB1A9003505EF /* 3DTI_Toolkit_Core */,
				AFE883811DCCA8F6003505EF /* AudioPlugin3DTIWrapper */,
				AFE883801DCCA8F6003505EF /* Products */,
			);
			sourceTree = "<group>";
		};
		AFE883801DCCA8F6003505EF /* Products */ = {
			isa = PBXGroup;
			children = (
				AFE8837F1DCCA8F6003505EF /* AudioPlugin3DTIWrapper.bundle */,
			);
			name = Products;
			sourceTree = "<group>";
		};
		AFE883811DCCA8F6003505EF /* AudioPlugin3DTIWrapper */ = {
			isa = PBXGroup;
			children = (
				AFE883821DCCA8F6003505EF /* Info.plist */,
			);
			path = AudioPlugin3DTIWrapper;
			sourceTree = "<group>";
		};
		AFE889ED1DCCB19A003505EF /* BinauralSpatializer */ = {
			isa = PBXGroup;
			children = (
				AFE889EE1DCCB19A003505EF /* Convolver.cpp */,
				AFE889EF1DCCB19A003505EF /* Convolver.h */,
				AFE889F01DCCB19A003505EF /* Core.cpp */,
				AFE889F11DCCB19A003505EF /* Core.h */,
				AFE889F21DCCB19A003505EF /* Environment.cpp */,
				AFE889F31DCCB19A003505EF /* Environment.h */,
				AFE889F41DCCB19A003505EF /* HRTF.cpp */,
				AFE889F51DCCB19A003505EF /* HRTF.h */,
				AFE889F61DCCB19A003505EF /* ILD.cpp */,
				AFE889F71DCCB19A003505EF /* ILD.h */,
				AFE889F81DCCB19A003505EF /* Listener.cpp */,
				AFE889F91DCCB19A003505EF /* Listener.h */,
				AFE889FA1DCCB19A003505EF /* SingleSourceDSP.cpp */,
				AFE889FB1DCCB19A003505EF /* SingleSourceDSP.h */,
			);
			name = BinauralSpatializer;
			path = ../../../../../3DTI_Toolkit_Core/BinauralSpatializer;
			sourceTree = "<group>";
		};
		AFE889FC1DCCB19A003505EF /* Common */ = {
			isa = PBXGroup;
			children = (
				AFE889FD1DCCB19A003505EF /* AIR.cpp */,
				AFE889FE1DCCB19A003505EF /* AIR.h */,
				AFE889FF1DCCB19A003505EF /* AudioState.cpp */,
				AFE88A001DCCB19A003505EF /* AudioState.h */,
				AFE88A011DCCB19A003505EF /* BiquadFilter.cpp */,
				AFE88A021DCCB19A003505EF /* BiquadFilter.h */,
				AFE88A031DCCB19A003505EF /* Buffer.cpp */,
				AFE88A041DCCB19A003505EF /* Buffer.h */,
				AFE88A051DCCB19A003505EF /* Conventions.h */,
				AFE88A061DCCB19A003505EF /* Debugger.cpp */,
				AFE88A071DCCB19A003505EF /* Debugger.h */,
				AFE88A081DCCB19A003505EF /* DistanceAttenuator.cpp */,
				AFE88A091DCCB19A003505EF /* DistanceAttenuator.h */,
				AFE88A0A1DCCB19A003505EF /* Fconvolver.cpp */,
				AFE88A0B1DCCB19A003505EF /* Fconvolver.h */,
				AFE88A0C1DCCB19A003505EF /* fftsg.cpp */,
				AFE88A0D1DCCB19A003505EF /* fftsg.h */,
				AFE88A0E1DCCB19A003505EF /* FiltersChain.cpp */,
				AFE88A0F1DCCB19A003505EF /* FiltersChain.h */,
				AFE88A101DCCB19A003505EF /* Magnitudes.cpp */,
				AFE88A111DCCB19A003505EF /* Magnitudes.h */,
				AFE88A141DCCB19A003505EF /* Quaternion.cpp */,
				AFE88A151DCCB19A003505EF /* Quaternion.h */,
				AFE88A171DCCB19A003505EF /* Transform.cpp */,
				AFE88A181DCCB19A003505EF /* Transform.h */,
				AFE88A191DCCB19A003505EF /* Vector3.cpp */,
				AFE88A1A1DCCB19A003505EF /* Vector3.h */,
			);
			name = Common;
			path = ../../../../../3DTI_Toolkit_Core/Common;
			sourceTree = "<group>";
		};
		AFE88A311DCCB1A9003505EF /* 3DTI_Toolkit_Core */ = {
			isa = PBXGroup;
			children = (
				AFE889FC1DCCB19A003505EF /* Common */,
				AFE889ED1DCCB19A003505EF /* BinauralSpatializer */,
			);
			name = 3DTI_Toolkit_Core;
			sourceTree = "<group>";
		};
		AFE88A331DCCB223003505EF /* 3DTI_Toolkit_Modules */ = {
			isa = PBXGroup;
			children = (
				AFE88A361DCCB223003505EF /* HRTF */,
				AFE88D5F1DCCB226003505EF /* ILD */,
			);
			name = 3DTI_Toolkit_Modules;
			path = ../../../../../3DTI_Toolkit_Modules;
			sourceTree = "<group>";
		};
		AFE88A361DCCB223003505EF /* HRTF */ = {
			isa = PBXGroup;
			children = (
				AFE88B001DCCB223003505EF /* HRTFCereal.cpp */,
				AFE88B011DCCB223003505EF /* HRTFCereal.h */,
			);
			path = HRTF;
			sourceTree = "<group>";
		};
		AFE88D5F1DCCB226003505EF /* ILD */ = {
			isa = PBXGroup;
			children = (
				AFE88E1A1DCCB226003505EF /* ILDCereal.cpp */,
				AFE88E1B1DCCB226003505EF /* ILDCereal.h */,
			);
			path = ILD;
			sourceTree = "<group>";
		};
/* End PBXGroup section */

/* Begin PBXNativeTarget section */
		AFE8837E1DCCA8F6003505EF /* AudioPlugin3DTIWrapper */ = {
			isa = PBXNativeTarget;
			buildConfigurationList = AFE883851DCCA8F6003505EF /* Build configuration list for PBXNativeTarget "AudioPlugin3DTIWrapper" */;
			buildPhases = (
				AFE8837B1DCCA8F6003505EF /* Sources */,
				AFE8837C1DCCA8F6003505EF /* Frameworks */,
				AFE8837D1DCCA8F6003505EF /* Resources */,
			);
			buildRules = (
			);
			dependencies = (
			);
			name = AudioPlugin3DTIWrapper;
			productName = AudioPlugin3DTIWrapper;
			productReference = AFE8837F1DCCA8F6003505EF /* AudioPlugin3DTIWrapper.bundle */;
			productType = "com.apple.product-type.bundle";
		};
/* End PBXNativeTarget section */

/* Begin PBXProject section */
		AFE883771DCCA8F6003505EF /* Project object */ = {
			isa = PBXProject;
			attributes = {
				LastUpgradeCheck = 0730;
				ORGANIZATIONNAME = diana;
				TargetAttributes = {
					AFE8837E1DCCA8F6003505EF = {
						CreatedOnToolsVersion = 7.3.1;
					};
				};
			};
			buildConfigurationList = AFE8837A1DCCA8F6003505EF /* Build configuration list for PBXProject "AudioPlugin3DTIWrapper" */;
			compatibilityVersion = "Xcode 3.2";
			developmentRegion = English;
			hasScannedForEncodings = 0;
			knownRegions = (
				en,
			);
			mainGroup = AFE883761DCCA8F6003505EF;
			productRefGroup = AFE883801DCCA8F6003505EF /* Products */;
			projectDirPath = "";
			projectRoot = "";
			targets = (
				AFE8837E1DCCA8F6003505EF /* AudioPlugin3DTIWrapper */,
			);
		};
/* End PBXProject section */

/* Begin PBXResourcesBuildPhase section */
		AFE8837D1DCCA8F6003505EF /* Resources */ = {
			isa = PBXResourcesBuildPhase;
			buildActionMask = 2147483647;
			files = (
			);
			runOnlyForDeploymentPostprocessing = 0;
		};
/* End PBXResourcesBuildPhase section */

/* Begin PBXSourcesBuildPhase section */
		AFE8837B1DCCA8F6003505EF /* Sources */ = {
			isa = PBXSourcesBuildPhase;
			buildActionMask = 2147483647;
			files = (
				AFE88A1D1DCCB19A003505EF /* Environment.cpp in Sources */,
				AFE88A2B1DCCB19A003505EF /* Magnitudes.cpp in Sources */,
				AFE88A211DCCB19A003505EF /* SingleSourceDSP.cpp in Sources */,
				AFE88A201DCCB19A003505EF /* Listener.cpp in Sources */,
				AFE88A301DCCB19B003505EF /* Vector3.cpp in Sources */,
				AFE88A291DCCB19A003505EF /* fftsg.cpp in Sources */,
				AFE890951DCCB226003505EF /* ILDCereal.cpp in Sources */,
				AFE88A251DCCB19A003505EF /* Buffer.cpp in Sources */,
				AFE890AB1DCCB3CF003505EF /* audioplugin3DTIWrapper.cpp in Sources */,
				AFE88A271DCCB19A003505EF /* DistanceAttenuator.cpp in Sources */,
				AFE88A1E1DCCB19A003505EF /* HRTF.cpp in Sources */,
				AFE890AC1DCCB3CF003505EF /* AudioPluginUtil.cpp in Sources */,
				AFE88A221DCCB19A003505EF /* AIR.cpp in Sources */,
				AFE88A2F1DCCB19B003505EF /* Transform.cpp in Sources */,
				AFE88A261DCCB19A003505EF /* Debugger.cpp in Sources */,
				AFE88A241DCCB19A003505EF /* BiquadFilter.cpp in Sources */,
				AFE88A2D1DCCB19B003505EF /* Quaternion.cpp in Sources */,
				AFE88A1C1DCCB19A003505EF /* Core.cpp in Sources */,
				AFE88A1F1DCCB19A003505EF /* ILD.cpp in Sources */,
				AFE88A231DCCB19A003505EF /* AudioState.cpp in Sources */,
				AFE88A2A1DCCB19A003505EF /* FiltersChain.cpp in Sources */,
				AFE88E781DCCB226003505EF /* HRTFCereal.cpp in Sources */,
				AFE88A1B1DCCB19A003505EF /* Convolver.cpp in Sources */,
				AFE88A281DCCB19A003505EF /* Fconvolver.cpp in Sources */,
			);
			runOnlyForDeploymentPostprocessing = 0;
		};
/* End PBXSourcesBuildPhase section */

/* Begin XCBuildConfiguration section */
		AFE883831DCCA8F6003505EF /* Debug */ = {
			isa = XCBuildConfiguration;
			buildSettings = {
				ALWAYS_SEARCH_USER_PATHS = NO;
				CLANG_ANALYZER_NONNULL = YES;
				CLANG_CXX_LANGUAGE_STANDARD = "gnu++0x";
				CLANG_CXX_LIBRARY = "libc++";
				CLANG_ENABLE_MODULES = YES;
				CLANG_ENABLE_OBJC_ARC = YES;
				CLANG_WARN_BOOL_CONVERSION = YES;
				CLANG_WARN_CONSTANT_CONVERSION = YES;
				CLANG_WARN_DIRECT_OBJC_ISA_USAGE = YES_ERROR;
				CLANG_WARN_EMPTY_BODY = YES;
				CLANG_WARN_ENUM_CONVERSION = YES;
				CLANG_WARN_INT_CONVERSION = YES;
				CLANG_WARN_OBJC_ROOT_CLASS = YES_ERROR;
				CLANG_WARN_UNREACHABLE_CODE = YES;
				CLANG_WARN__DUPLICATE_METHOD_MATCH = YES;
				CODE_SIGN_IDENTITY = "-";
				COPY_PHASE_STRIP = NO;
				DEBUG_INFORMATION_FORMAT = dwarf;
				ENABLE_STRICT_OBJC_MSGSEND = YES;
				ENABLE_TESTABILITY = YES;
				GCC_C_LANGUAGE_STANDARD = gnu99;
				GCC_DYNAMIC_NO_PIC = NO;
				GCC_NO_COMMON_BLOCKS = YES;
				GCC_OPTIMIZATION_LEVEL = 0;
				GCC_PREPROCESSOR_DEFINITIONS = (
					"DEBUG=1",
					"$(inherited)",
				);
				GCC_WARN_64_TO_32_BIT_CONVERSION = YES;
				GCC_WARN_ABOUT_RETURN_TYPE = YES_ERROR;
				GCC_WARN_UNDECLARED_SELECTOR = YES;
				GCC_WARN_UNINITIALIZED_AUTOS = YES_AGGRESSIVE;
				GCC_WARN_UNUSED_FUNCTION = YES;
				GCC_WARN_UNUSED_VARIABLE = YES;
				MACOSX_DEPLOYMENT_TARGET = 10.11;
				MTL_ENABLE_DEBUG_INFO = YES;
				ONLY_ACTIVE_ARCH = YES;
				SDKROOT = macosx;
			};
			name = Debug;
		};
		AFE883841DCCA8F6003505EF /* Release */ = {
			isa = XCBuildConfiguration;
			buildSettings = {
				ALWAYS_SEARCH_USER_PATHS = NO;
				CLANG_ANALYZER_NONNULL = YES;
				CLANG_CXX_LANGUAGE_STANDARD = "gnu++0x";
				CLANG_CXX_LIBRARY = "libc++";
				CLANG_ENABLE_MODULES = YES;
				CLANG_ENABLE_OBJC_ARC = YES;
				CLANG_WARN_BOOL_CONVERSION = YES;
				CLANG_WARN_CONSTANT_CONVERSION = YES;
				CLANG_WARN_DIRECT_OBJC_ISA_USAGE = YES_ERROR;
				CLANG_WARN_EMPTY_BODY = YES;
				CLANG_WARN_ENUM_CONVERSION = YES;
				CLANG_WARN_INT_CONVERSION = YES;
				CLANG_WARN_OBJC_ROOT_CLASS = YES_ERROR;
				CLANG_WARN_UNREACHABLE_CODE = YES;
				CLANG_WARN__DUPLICATE_METHOD_MATCH = YES;
				CODE_SIGN_IDENTITY = "-";
				COPY_PHASE_STRIP = NO;
				DEBUG_INFORMATION_FORMAT = "dwarf-with-dsym";
				ENABLE_NS_ASSERTIONS = NO;
				ENABLE_STRICT_OBJC_MSGSEND = YES;
				GCC_C_LANGUAGE_STANDARD = gnu99;
				GCC_NO_COMMON_BLOCKS = YES;
				GCC_WARN_64_TO_32_BIT_CONVERSION = YES;
				GCC_WARN_ABOUT_RETURN_TYPE = YES_ERROR;
				GCC_WARN_UNDECLARED_SELECTOR = YES;
				GCC_WARN_UNINITIALIZED_AUTOS = YES_AGGRESSIVE;
				GCC_WARN_UNUSED_FUNCTION = YES;
				GCC_WARN_UNUSED_VARIABLE = YES;
				MACOSX_DEPLOYMENT_TARGET = 10.11;
				MTL_ENABLE_DEBUG_INFO = NO;
				"OTHER_CPLUSPLUSFLAGS[arch=*]" = "$(OTHER_CFLAGS) ";
				SDKROOT = macosx;
			};
			name = Release;
		};
		AFE883861DCCA8F6003505EF /* Debug */ = {
			isa = XCBuildConfiguration;
			baseConfigurationReference = AF766FEE1DE9F99C0003ED20 /* Config.Debug.xcconfig */;
			buildSettings = {
				COMBINE_HIDPI_IMAGES = YES;
				INFOPLIST_FILE = AudioPlugin3DTIWrapper/Info.plist;
				INSTALL_PATH = "$(LOCAL_LIBRARY_DIR)/Bundles";
				PRODUCT_BUNDLE_IDENTIFIER = es.uma.diana.AudioPlugin3DTIWrapper;
				PRODUCT_NAME = "$(TARGET_NAME)";
				SKIP_INSTALL = YES;
				"USER_HEADER_SEARCH_PATHS[arch=*]" = "";
				WRAPPER_EXTENSION = bundle;
			};
			name = Debug;
		};
		AFE883871DCCA8F6003505EF /* Release */ = {
			isa = XCBuildConfiguration;
			baseConfigurationReference = AFE889EC1DCCAC7E003505EF /* Config.Release.xcconfig */;
			buildSettings = {
				COMBINE_HIDPI_IMAGES = YES;
				INFOPLIST_FILE = AudioPlugin3DTIWrapper/Info.plist;
				INSTALL_PATH = "$(LOCAL_LIBRARY_DIR)/Bundles";
				PRODUCT_BUNDLE_IDENTIFIER = es.uma.diana.AudioPlugin3DTIWrapper;
				PRODUCT_NAME = "$(TARGET_NAME)";
				SKIP_INSTALL = YES;
				"USER_HEADER_SEARCH_PATHS[arch=*]" = "";
				WRAPPER_EXTENSION = bundle;
			};
			name = Release;
		};
/* End XCBuildConfiguration section */

/* Begin XCConfigurationList section */
		AFE8837A1DCCA8F6003505EF /* Build configuration list for PBXProject "AudioPlugin3DTIWrapper" */ = {
			isa = XCConfigurationList;
			buildConfigurations = (
				AFE883831DCCA8F6003505EF /* Debug */,
				AFE883841DCCA8F6003505EF /* Release */,
			);
			defaultConfigurationIsVisible = 0;
			defaultConfigurationName = Release;
		};
		AFE883851DCCA8F6003505EF /* Build configuration list for PBXNativeTarget "AudioPlugin3DTIWrapper" */ = {
			isa = XCConfigurationList;
			buildConfigurations = (
				AFE883861DCCA8F6003505EF /* Debug */,
				AFE883871DCCA8F6003505EF /* Release */,
			);
			defaultConfigurationIsVisible = 0;
			defaultConfigurationName = Release;
		};
/* End XCConfigurationList section */
	};
	rootObject = AFE883771DCCA8F6003505EF /* Project object */;
}
