// !$*UTF8*$!
{
	archiveVersion = 1;
	classes = {
	};
	objectVersion = 46;
	objects = {

/* Begin PBXBuildFile section */
		AF351B661E38D4FC00FB2DFE /* audioplugin3DTISpatializer.m in Sources */ = {isa = PBXBuildFile; fileRef = AF351B651E38D4FC00FB2DFE /* audioplugin3DTISpatializer.m */; };
		AF351B671E38D4FC00FB2DFE /* audioplugin3DTISpatializer.h in CopyFiles */ = {isa = PBXBuildFile; fileRef = AF351B641E38D4FC00FB2DFE /* audioplugin3DTISpatializer.h */; };
/* End PBXBuildFile section */

/* Begin PBXCopyFilesBuildPhase section */
		AF351B5F1E38D4FC00FB2DFE /* CopyFiles */ = {
			isa = PBXCopyFilesBuildPhase;
			buildActionMask = 2147483647;
			dstPath = "include/$(PRODUCT_NAME)";
			dstSubfolderSpec = 16;
			files = (
				AF351B671E38D4FC00FB2DFE /* audioplugin3DTISpatializer.h in CopyFiles */,
			);
			runOnlyForDeploymentPostprocessing = 0;
		};
/* End PBXCopyFilesBuildPhase section */

/* Begin PBXFileReference section */
		AF351B611E38D4FC00FB2DFE /* libaudioplugin3DTISpatializer.a */ = {isa = PBXFileReference; explicitFileType = archive.ar; includeInIndex = 0; path = libaudioplugin3DTISpatializer.a; sourceTree = BUILT_PRODUCTS_DIR; };
		AF351B641E38D4FC00FB2DFE /* audioplugin3DTISpatializer.h */ = {isa = PBXFileReference; lastKnownFileType = sourcecode.c.h; path = audioplugin3DTISpatializer.h; sourceTree = "<group>"; };
		AF351B651E38D4FC00FB2DFE /* audioplugin3DTISpatializer.m */ = {isa = PBXFileReference; lastKnownFileType = sourcecode.c.objc; path = audioplugin3DTISpatializer.m; sourceTree = "<group>"; };
/* End PBXFileReference section */

/* Begin PBXFrameworksBuildPhase section */
		AF351B5E1E38D4FC00FB2DFE /* Frameworks */ = {
			isa = PBXFrameworksBuildPhase;
			buildActionMask = 2147483647;
			files = (
			);
			runOnlyForDeploymentPostprocessing = 0;
		};
/* End PBXFrameworksBuildPhase section */

/* Begin PBXGroup section */
		AF351B581E38D4FC00FB2DFE = {
			isa = PBXGroup;
			children = (
				AF351B631E38D4FC00FB2DFE /* audioplugin3DTISpatializer */,
				AF351B621E38D4FC00FB2DFE /* Products */,
			);
			sourceTree = "<group>";
		};
		AF351B621E38D4FC00FB2DFE /* Products */ = {
			isa = PBXGroup;
			children = (
				AF351B611E38D4FC00FB2DFE /* libaudioplugin3DTISpatializer.a */,
			);
			name = Products;
			sourceTree = "<group>";
		};
		AF351B631E38D4FC00FB2DFE /* audioplugin3DTISpatializer */ = {
			isa = PBXGroup;
			children = (
				AF351B641E38D4FC00FB2DFE /* audioplugin3DTISpatializer.h */,
				AF351B651E38D4FC00FB2DFE /* audioplugin3DTISpatializer.m */,
			);
			path = audioplugin3DTISpatializer;
			sourceTree = "<group>";
		};
/* End PBXGroup section */

/* Begin PBXNativeTarget section */
		AF351B601E38D4FC00FB2DFE /* audioplugin3DTISpatializer */ = {
			isa = PBXNativeTarget;
			buildConfigurationList = AF351B6A1E38D4FC00FB2DFE /* Build configuration list for PBXNativeTarget "audioplugin3DTISpatializer" */;
			buildPhases = (
				AF351B5D1E38D4FC00FB2DFE /* Sources */,
				AF351B5E1E38D4FC00FB2DFE /* Frameworks */,
				AF351B5F1E38D4FC00FB2DFE /* CopyFiles */,
			);
			buildRules = (
			);
			dependencies = (
			);
			name = audioplugin3DTISpatializer;
			productName = audioplugin3DTISpatializer;
			productReference = AF351B611E38D4FC00FB2DFE /* libaudioplugin3DTISpatializer.a */;
			productType = "com.apple.product-type.library.static";
		};
/* End PBXNativeTarget section */

/* Begin PBXProject section */
		AF351B591E38D4FC00FB2DFE /* Project object */ = {
			isa = PBXProject;
			attributes = {
				LastUpgradeCheck = 0820;
				ORGANIZATIONNAME = diana;
				TargetAttributes = {
					AF351B601E38D4FC00FB2DFE = {
						CreatedOnToolsVersion = 8.2.1;
						DevelopmentTeam = 4QC5SRCTN7;
						ProvisioningStyle = Automatic;
					};
				};
			};
			buildConfigurationList = AF351B5C1E38D4FC00FB2DFE /* Build configuration list for PBXProject "audioplugin3DTISpatializer" */;
			compatibilityVersion = "Xcode 3.2";
			developmentRegion = English;
			hasScannedForEncodings = 0;
			knownRegions = (
				en,
			);
			mainGroup = AF351B581E38D4FC00FB2DFE;
			productRefGroup = AF351B621E38D4FC00FB2DFE /* Products */;
			projectDirPath = "";
			projectRoot = "";
			targets = (
				AF351B601E38D4FC00FB2DFE /* audioplugin3DTISpatializer */,
			);
		};
/* End PBXProject section */

/* Begin PBXSourcesBuildPhase section */
		AF351B5D1E38D4FC00FB2DFE /* Sources */ = {
			isa = PBXSourcesBuildPhase;
			buildActionMask = 2147483647;
			files = (
				AF351B661E38D4FC00FB2DFE /* audioplugin3DTISpatializer.m in Sources */,
			);
			runOnlyForDeploymentPostprocessing = 0;
		};
/* End PBXSourcesBuildPhase section */

/* Begin XCBuildConfiguration section */
		AF351B681E38D4FC00FB2DFE /* Debug */ = {
			isa = XCBuildConfiguration;
			buildSettings = {
				ALWAYS_SEARCH_USER_PATHS = NO;
				CLANG_ANALYZER_NONNULL = YES;
				CLANG_CXX_LANGUAGE_STANDARD = "gnu++0x";
				CLANG_CXX_LIBRARY = "libc++";
				CLANG_ENABLE_MODULES = YES;
				CLANG_ENABLE_OBJC_ARC = YES;
				CLANG_WARN_BOOL_CONVERSION = YES;
				CLANG_WARN_CONSTANT_CONVERSION = YES;
				CLANG_WARN_DIRECT_OBJC_ISA_USAGE = YES_ERROR;
				CLANG_WARN_DOCUMENTATION_COMMENTS = YES;
				CLANG_WARN_EMPTY_BODY = YES;
				CLANG_WARN_ENUM_CONVERSION = YES;
				CLANG_WARN_INFINITE_RECURSION = YES;
				CLANG_WARN_INT_CONVERSION = YES;
				CLANG_WARN_OBJC_ROOT_CLASS = YES_ERROR;
				CLANG_WARN_SUSPICIOUS_MOVE = YES;
				CLANG_WARN_UNREACHABLE_CODE = YES;
				CLANG_WARN__DUPLICATE_METHOD_MATCH = YES;
				"CODE_SIGN_IDENTITY[sdk=iphoneos*]" = "iPhone Developer";
				COPY_PHASE_STRIP = NO;
				DEBUG_INFORMATION_FORMAT = dwarf;
				ENABLE_STRICT_OBJC_MSGSEND = YES;
				ENABLE_TESTABILITY = YES;
				GCC_C_LANGUAGE_STANDARD = gnu99;
				GCC_DYNAMIC_NO_PIC = NO;
				GCC_NO_COMMON_BLOCKS = YES;
				GCC_OPTIMIZATION_LEVEL = 0;
				GCC_PREPROCESSOR_DEFINITIONS = (
					"DEBUG=1",
					"$(inherited)",
				);
				GCC_WARN_64_TO_32_BIT_CONVERSION = YES;
				GCC_WARN_ABOUT_RETURN_TYPE = YES_ERROR;
				GCC_WARN_UNDECLARED_SELECTOR = YES;
				GCC_WARN_UNINITIALIZED_AUTOS = YES_AGGRESSIVE;
				GCC_WARN_UNUSED_FUNCTION = YES;
				GCC_WARN_UNUSED_VARIABLE = YES;
				IPHONEOS_DEPLOYMENT_TARGET = 10.2;
				MTL_ENABLE_DEBUG_INFO = YES;
				ONLY_ACTIVE_ARCH = YES;
				SDKROOT = iphoneos;
			};
			name = Debug;
		};
		AF351B691E38D4FC00FB2DFE /* Release */ = {
			isa = XCBuildConfiguration;
			buildSettings = {
				ALWAYS_SEARCH_USER_PATHS = NO;
				CLANG_ANALYZER_NONNULL = YES;
				CLANG_CXX_LANGUAGE_STANDARD = "gnu++0x";
				CLANG_CXX_LIBRARY = "libc++";
				CLANG_ENABLE_MODULES = YES;
				CLANG_ENABLE_OBJC_ARC = YES;
				CLANG_WARN_BOOL_CONVERSION = YES;
				CLANG_WARN_CONSTANT_CONVERSION = YES;
				CLANG_WARN_DIRECT_OBJC_ISA_USAGE = YES_ERROR;
				CLANG_WARN_DOCUMENTATION_COMMENTS = YES;
				CLANG_WARN_EMPTY_BODY = YES;
				CLANG_WARN_ENUM_CONVERSION = YES;
				CLANG_WARN_INFINITE_RECURSION = YES;
				CLANG_WARN_INT_CONVERSION = YES;
				CLANG_WARN_OBJC_ROOT_CLASS = YES_ERROR;
				CLANG_WARN_SUSPICIOUS_MOVE = YES;
				CLANG_WARN_UNREACHABLE_CODE = YES;
				CLANG_WARN__DUPLICATE_METHOD_MATCH = YES;
				"CODE_SIGN_IDENTITY[sdk=iphoneos*]" = "iPhone Developer";
				COPY_PHASE_STRIP = NO;
				DEBUG_INFORMATION_FORMAT = "dwarf-with-dsym";
				ENABLE_NS_ASSERTIONS = NO;
				ENABLE_STRICT_OBJC_MSGSEND = YES;
				GCC_C_LANGUAGE_STANDARD = gnu99;
				GCC_NO_COMMON_BLOCKS = YES;
				GCC_WARN_64_TO_32_BIT_CONVERSION = YES;
				GCC_WARN_ABOUT_RETURN_TYPE = YES_ERROR;
				GCC_WARN_UNDECLARED_SELECTOR = YES;
				GCC_WARN_UNINITIALIZED_AUTOS = YES_AGGRESSIVE;
				GCC_WARN_UNUSED_FUNCTION = YES;
				GCC_WARN_UNUSED_VARIABLE = YES;
				IPHONEOS_DEPLOYMENT_TARGET = 10.2;
				MTL_ENABLE_DEBUG_INFO = NO;
				SDKROOT = iphoneos;
				VALIDATE_PRODUCT = YES;
			};
			name = Release;
		};
		AF351B6B1E38D4FC00FB2DFE /* Debug */ = {
			isa = XCBuildConfiguration;
			buildSettings = {
				DEVELOPMENT_TEAM = 4QC5SRCTN7;
				OTHER_LDFLAGS = "-ObjC";
				PRODUCT_NAME = "$(TARGET_NAME)";
				SKIP_INSTALL = YES;
			};
			name = Debug;
		};
		AF351B6C1E38D4FC00FB2DFE /* Release */ = {
			isa = XCBuildConfiguration;
			buildSettings = {
				DEVELOPMENT_TEAM = 4QC5SRCTN7;
				OTHER_LDFLAGS = "-ObjC";
				PRODUCT_NAME = "$(TARGET_NAME)";
				SKIP_INSTALL = YES;
			};
			name = Release;
		};
/* End XCBuildConfiguration section */

/* Begin XCConfigurationList section */
		AF351B5C1E38D4FC00FB2DFE /* Build configuration list for PBXProject "audioplugin3DTISpatializer" */ = {
			isa = XCConfigurationList;
			buildConfigurations = (
				AF351B681E38D4FC00FB2DFE /* Debug */,
				AF351B691E38D4FC00FB2DFE /* Release */,
			);
			defaultConfigurationIsVisible = 0;
			defaultConfigurationName = Release;
		};
		AF351B6A1E38D4FC00FB2DFE /* Build configuration list for PBXNativeTarget "audioplugin3DTISpatializer" */ = {
			isa = XCConfigurationList;
			buildConfigurations = (
				AF351B6B1E38D4FC00FB2DFE /* Debug */,
				AF351B6C1E38D4FC00FB2DFE /* Release */,
			);
			defaultConfigurationIsVisible = 0;
		};
/* End XCConfigurationList section */
	};
	rootObject = AF351B591E38D4FC00FB2DFE /* Project object */;
}
