<?xml version="1.0" encoding="utf-8"?>
<Project ToolsVersion="4.0" xmlns="http://schemas.microsoft.com/developer/msbuild/2003">
  <ItemGroup>
    <ClCompile Include="..\..\..\..\3DTI_Toolkit_Core\Common\AudioState.cpp">
      <Filter>3DTI_Toolkit_Core\Common</Filter>
    </ClCompile>
    <ClCompile Include="..\..\..\..\3DTI_Toolkit_Core\Common\BiquadFilter.cpp">
      <Filter>3DTI_Toolkit_Core\Common</Filter>
    </ClCompile>
    <ClCompile Include="..\..\..\..\3DTI_Toolkit_Core\Common\Buffer.cpp">
      <Filter>3DTI_Toolkit_Core\Common</Filter>
    </ClCompile>
    <ClCompile Include="..\..\..\..\3DTI_Toolkit_Core\Common\Debugger.cpp">
      <Filter>3DTI_Toolkit_Core\Common</Filter>
    </ClCompile>
    <ClCompile Include="..\..\..\..\3DTI_Toolkit_Core\Common\Fconvolver.cpp">
      <Filter>3DTI_Toolkit_Core\Common</Filter>
    </ClCompile>
    <ClCompile Include="..\..\..\..\3DTI_Toolkit_Core\Common\fftsg.cpp">
      <Filter>3DTI_Toolkit_Core\Common</Filter>
    </ClCompile>
    <ClCompile Include="..\..\..\..\3DTI_Toolkit_Core\Common\FiltersChain.cpp">
      <Filter>3DTI_Toolkit_Core\Common</Filter>
    </ClCompile>
    <ClCompile Include="..\..\..\..\3DTI_Toolkit_Core\Common\Magnitudes.cpp">
      <Filter>3DTI_Toolkit_Core\Common</Filter>
    </ClCompile>
    <ClCompile Include="..\..\..\..\3DTI_Toolkit_Core\Common\Quaternion.cpp">
      <Filter>3DTI_Toolkit_Core\Common</Filter>
    </ClCompile>
    <ClCompile Include="..\..\..\..\3DTI_Toolkit_Core\Common\Transform.cpp">
      <Filter>3DTI_Toolkit_Core\Common</Filter>
    </ClCompile>
    <ClCompile Include="..\..\..\..\3DTI_Toolkit_Core\Common\Vector3.cpp">
      <Filter>3DTI_Toolkit_Core\Common</Filter>
    </ClCompile>
    <ClCompile Include="src\AudioPluginUtil.cpp" />
    <ClCompile Include="..\..\..\..\3DTI_Toolkit_Core\HAHLSimulation\Compressor.cpp">
      <Filter>3DTI_Toolkit_Core\HAHLSimulation</Filter>
    </ClCompile>
    <ClCompile Include="..\..\..\..\3DTI_Toolkit_Core\HAHLSimulation\EnvelopeDetector.cpp">
      <Filter>3DTI_Toolkit_Core\HAHLSimulation</Filter>
    </ClCompile>
    <ClCompile Include="..\..\..\..\3DTI_Toolkit_Core\HAHLSimulation\FiltersBank.cpp">
      <Filter>3DTI_Toolkit_Core\HAHLSimulation</Filter>
    </ClCompile>
    <ClCompile Include="..\..\..\..\3DTI_Toolkit_Core\HAHLSimulation\HearingLossSim.cpp">
      <Filter>3DTI_Toolkit_Core\HAHLSimulation</Filter>
    </ClCompile>
    <ClCompile Include="src\audioplugin3DTIHL.cpp" />
  </ItemGroup>
  <ItemGroup>
    <ClInclude Include="..\..\..\..\3DTI_Toolkit_Core\Common\AudioState.h">
      <Filter>3DTI_Toolkit_Core\Common</Filter>
    </ClInclude>
    <ClInclude Include="..\..\..\..\3DTI_Toolkit_Core\Common\BiquadFilter.h">
      <Filter>3DTI_Toolkit_Core\Common</Filter>
    </ClInclude>
    <ClInclude Include="..\..\..\..\3DTI_Toolkit_Core\Common\Buffer.h">
      <Filter>3DTI_Toolkit_Core\Common</Filter>
    </ClInclude>
    <ClInclude Include="..\..\..\..\3DTI_Toolkit_Core\Common\Conventions.h">
      <Filter>3DTI_Toolkit_Core\Common</Filter>
    </ClInclude>
    <ClInclude Include="..\..\..\..\3DTI_Toolkit_Core\Common\Debugger.h">
      <Filter>3DTI_Toolkit_Core\Common</Filter>
    </ClInclude>
    <ClInclude Include="..\..\..\..\3DTI_Toolkit_Core\Common\Fconvolver.h">
      <Filter>3DTI_Toolkit_Core\Common</Filter>
    </ClInclude>
    <ClInclude Include="..\..\..\..\3DTI_Toolkit_Core\Common\fftsg.h">
      <Filter>3DTI_Toolkit_Core\Common</Filter>
    </ClInclude>
    <ClInclude Include="..\..\..\..\3DTI_Toolkit_Core\Common\FiltersChain.h">
      <Filter>3DTI_Toolkit_Core\Common</Filter>
    </ClInclude>
    <ClInclude Include="..\..\..\..\3DTI_Toolkit_Core\Common\Magnitudes.h">
      <Filter>3DTI_Toolkit_Core\Common</Filter>
    </ClInclude>
    <ClInclude Include="..\..\..\..\3DTI_Toolkit_Core\Common\Quaternion.h">
      <Filter>3DTI_Toolkit_Core\Common</Filter>
    </ClInclude>
    <ClInclude Include="..\..\..\..\3DTI_Toolkit_Core\Common\Transform.h">
      <Filter>3DTI_Toolkit_Core\Common</Filter>
    </ClInclude>
    <ClInclude Include="..\..\..\..\3DTI_Toolkit_Core\Common\Vector3.h">
      <Filter>3DTI_Toolkit_Core\Common</Filter>
    </ClInclude>
    <ClInclude Include="src\AudioPluginInterface.h" />
    <ClInclude Include="src\AudioPluginUtil.h" />
    <ClInclude Include="src\PluginList.h" />
    <ClInclude Include="..\..\..\..\3DTI_Toolkit_Core\HAHLSimulation\Compressor.h">
      <Filter>3DTI_Toolkit_Core\HAHLSimulation</Filter>
    </ClInclude>
    <ClInclude Include="..\..\..\..\3DTI_Toolkit_Core\HAHLSimulation\EnvelopeDetector.h">
      <Filter>3DTI_Toolkit_Core\HAHLSimulation</Filter>
    </ClInclude>
    <ClInclude Include="..\..\..\..\3DTI_Toolkit_Core\HAHLSimulation\FiltersBank.h">
      <Filter>3DTI_Toolkit_Core\HAHLSimulation</Filter>
    </ClInclude>
    <ClInclude Include="..\..\..\..\3DTI_Toolkit_Core\HAHLSimulation\HearingLossSim.h">
      <Filter>3DTI_Toolkit_Core\HAHLSimulation</Filter>
    </ClInclude>
  </ItemGroup>
  <ItemGroup>
    <Filter Include="3DTI_Toolkit_Core">
      <UniqueIdentifier>{5b7481f0-ef73-4394-b243-73f7f46c4aec}</UniqueIdentifier>
    </Filter>
    <Filter Include="3DTI_Toolkit_Core\Common">
      <UniqueIdentifier>{148a8ee9-fad5-4e37-a0ea-f7ec7241d9a9}</UniqueIdentifier>
    </Filter>
    <Filter Include="3DTI_Toolkit_Core\HAHLSimulation">
      <UniqueIdentifier>{bebd4f8b-5b9b-4464-b6c0-5f64270b7876}</UniqueIdentifier>
    </Filter>
  </ItemGroup>
</Project>