<?xml version="1.0" encoding="utf-8"?>
<Project ToolsVersion="4.0" xmlns="http://schemas.microsoft.com/developer/msbuild/2003">
  <ItemGroup>
    <Filter Include="Source Files">
      <UniqueIdentifier>{4FC737F1-C7A5-4376-A066-2A32D752A2FF}</UniqueIdentifier>
      <Extensions>cpp;c;cc;cxx;def;odl;idl;hpj;bat;asm;asmx</Extensions>
    </Filter>
    <Filter Include="Header Files">
      <UniqueIdentifier>{93995380-89BD-4b04-88EB-625FBE52EBFB}</UniqueIdentifier>
      <Extensions>h;hh;hpp;hxx;hm;inl;inc;xsd</Extensions>
    </Filter>
    <Filter Include="Resource Files">
      <UniqueIdentifier>{67DA6AB6-F800-4c08-8B7A-83BB121AAD01}</UniqueIdentifier>
      <Extensions>rc;ico;cur;bmp;dlg;rc2;rct;bin;rgs;gif;jpg;jpeg;jpe;resx;tiff;tif;png;wav;mfcribbon-ms</Extensions>
    </Filter>
  </ItemGroup>
  <ItemGroup>
    <ClCompile Include="audioplugin3DTIWrapper.cpp">
      <Filter>Source Files</Filter>
    </ClCompile>
    <ClCompile Include="AudioPluginUtil.cpp">
      <Filter>Source Files</Filter>
    </ClCompile>
    <ClCompile Include="..\..\3DTI_Toolkit_Core\ABIR.cpp">
      <Filter>Source Files</Filter>
    </ClCompile>
    <ClCompile Include="..\..\3DTI_Toolkit_Core\AudioState.cpp">
      <Filter>Source Files</Filter>
    </ClCompile>
    <ClCompile Include="..\..\3DTI_Toolkit_Core\BiquadFilter.cpp">
      <Filter>Source Files</Filter>
    </ClCompile>
    <ClCompile Include="..\..\3DTI_Toolkit_Core\Buffer.cpp">
      <Filter>Source Files</Filter>
    </ClCompile>
    <ClCompile Include="..\..\3DTI_Toolkit_Core\Convolver.cpp">
      <Filter>Source Files</Filter>
    </ClCompile>
    <ClCompile Include="..\..\3DTI_Toolkit_Core\Core.cpp">
      <Filter>Source Files</Filter>
    </ClCompile>
    <ClCompile Include="..\..\3DTI_Toolkit_Core\Debugger.cpp">
      <Filter>Source Files</Filter>
    </ClCompile>
    <ClCompile Include="..\..\3DTI_Toolkit_Core\Defaults.cpp">
      <Filter>Source Files</Filter>
    </ClCompile>
    <ClCompile Include="..\..\3DTI_Toolkit_Core\Fconvolver.cpp">
      <Filter>Source Files</Filter>
    </ClCompile>
    <ClCompile Include="..\..\3DTI_Toolkit_Core\fftsg.cpp">
      <Filter>Source Files</Filter>
    </ClCompile>
    <ClCompile Include="..\..\3DTI_Toolkit_Core\FiltersBank.cpp">
      <Filter>Source Files</Filter>
    </ClCompile>
    <ClCompile Include="..\..\3DTI_Toolkit_Core\FiltersChain.cpp">
      <Filter>Source Files</Filter>
    </ClCompile>
    <ClCompile Include="..\..\3DTI_Toolkit_Core\HRTF.cpp">
      <Filter>Source Files</Filter>
    </ClCompile>
    <ClCompile Include="..\..\3DTI_Toolkit_Core\ILD.cpp">
      <Filter>Source Files</Filter>
    </ClCompile>
    <ClCompile Include="..\..\3DTI_Toolkit_Core\Magnitudes.cpp">
      <Filter>Source Files</Filter>
    </ClCompile>
    <ClCompile Include="..\..\3DTI_Toolkit_Core\Profiler.cpp">
      <Filter>Source Files</Filter>
    </ClCompile>
    <ClCompile Include="..\..\3DTI_Toolkit_Core\Quaternion.cpp">
      <Filter>Source Files</Filter>
    </ClCompile>
    <ClCompile Include="..\..\3DTI_Toolkit_Core\SingleSourceDSP.cpp">
      <Filter>Source Files</Filter>
    </ClCompile>
    <ClCompile Include="..\..\3DTI_Toolkit_Core\Transform.cpp">
      <Filter>Source Files</Filter>
    </ClCompile>
    <ClCompile Include="..\..\3DTI_Toolkit_Core\Vector3.cpp">
      <Filter>Source Files</Filter>
    </ClCompile>
    <ClCompile Include="..\..\3DTI_Toolkit_Modules\HRTF\HRTFCereal.cpp">
      <Filter>Source Files</Filter>
    </ClCompile>
    <ClCompile Include="dllmain.cpp">
      <Filter>Source Files</Filter>
    </ClCompile>
    <ClCompile Include="stdafx.cpp">
      <Filter>Source Files</Filter>
    </ClCompile>
    <ClCompile Include="..\..\3DTI_Toolkit_Core\CoreState.cpp">
      <Filter>Source Files</Filter>
    </ClCompile>
  </ItemGroup>
  <ItemGroup>
    <ClInclude Include="AudioPluginInterface.h">
      <Filter>Header Files</Filter>
    </ClInclude>
    <ClInclude Include="AudioPluginUtil.h">
      <Filter>Header Files</Filter>
    </ClInclude>
    <ClInclude Include="PluginList.h">
      <Filter>Header Files</Filter>
    </ClInclude>
    <ClInclude Include="..\..\3DTI_Toolkit_Core\ABIR.h">
      <Filter>Header Files</Filter>
    </ClInclude>
    <ClInclude Include="..\..\3DTI_Toolkit_Core\AudioState.h">
      <Filter>Header Files</Filter>
    </ClInclude>
    <ClInclude Include="..\..\3DTI_Toolkit_Core\BiquadFilter.h">
      <Filter>Header Files</Filter>
    </ClInclude>
    <ClInclude Include="..\..\3DTI_Toolkit_Core\Buffer.h">
      <Filter>Header Files</Filter>
    </ClInclude>
    <ClInclude Include="..\..\3DTI_Toolkit_Core\Conventions.h">
      <Filter>Header Files</Filter>
    </ClInclude>
    <ClInclude Include="..\..\3DTI_Toolkit_Core\Convolver.h">
      <Filter>Header Files</Filter>
    </ClInclude>
    <ClInclude Include="..\..\3DTI_Toolkit_Core\Core.h">
      <Filter>Header Files</Filter>
    </ClInclude>
    <ClInclude Include="..\..\3DTI_Toolkit_Core\Debugger.h">
      <Filter>Header Files</Filter>
    </ClInclude>
    <ClInclude Include="..\..\3DTI_Toolkit_Core\Defaults.h">
      <Filter>Header Files</Filter>
    </ClInclude>
    <ClInclude Include="..\..\3DTI_Toolkit_Core\Fconvolver.h">
      <Filter>Header Files</Filter>
    </ClInclude>
    <ClInclude Include="..\..\3DTI_Toolkit_Core\fftsg.h">
      <Filter>Header Files</Filter>
    </ClInclude>
    <ClInclude Include="..\..\3DTI_Toolkit_Core\FiltersBank.h">
      <Filter>Header Files</Filter>
    </ClInclude>
    <ClInclude Include="..\..\3DTI_Toolkit_Core\FiltersChain.h">
      <Filter>Header Files</Filter>
    </ClInclude>
    <ClInclude Include="..\..\3DTI_Toolkit_Core\HRTF.h">
      <Filter>Header Files</Filter>
    </ClInclude>
    <ClInclude Include="..\..\3DTI_Toolkit_Core\ILD.h">
      <Filter>Header Files</Filter>
    </ClInclude>
    <ClInclude Include="..\..\3DTI_Toolkit_Core\Magnitudes.h">
      <Filter>Header Files</Filter>
    </ClInclude>
    <ClInclude Include="..\..\3DTI_Toolkit_Core\Profiler.h">
      <Filter>Header Files</Filter>
    </ClInclude>
    <ClInclude Include="..\..\3DTI_Toolkit_Core\Quaternion.h">
      <Filter>Header Files</Filter>
    </ClInclude>
    <ClInclude Include="..\..\3DTI_Toolkit_Core\SingleSourceDSP.h">
      <Filter>Header Files</Filter>
    </ClInclude>
    <ClInclude Include="..\..\3DTI_Toolkit_Core\Transform.h">
      <Filter>Header Files</Filter>
    </ClInclude>
    <ClInclude Include="..\..\3DTI_Toolkit_Core\Vector3.h">
      <Filter>Header Files</Filter>
    </ClInclude>
    <ClInclude Include="..\..\3DTI_Toolkit_Modules\HRTF\HRTFCereal.h">
      <Filter>Header Files</Filter>
    </ClInclude>
    <ClInclude Include="targetver.h">
      <Filter>Header Files</Filter>
    </ClInclude>
    <ClInclude Include="stdafx.h">
      <Filter>Header Files</Filter>
    </ClInclude>
    <ClInclude Include="..\..\3DTI_Toolkit_Core\CoreState.h">
      <Filter>Header Files</Filter>
    </ClInclude>
  </ItemGroup>
</Project>